{
  "version": 4,
  "terraform_version": "1.5.6",
  "serial": 417,
  "lineage": "d73de268-84f4-f4f9-31b3-f6dcebfe103e",
  "outputs": {
    "public_ip": {
      "value": "3.23.103.182",
      "type": "string"
    }
  },
  "resources": [
    {
      "mode": "data",
      "type": "aws_ami",
      "name": "latest_al2023_ami",
      "provider": "provider[\"registry.terraform.io/hashicorp/aws\"]",
      "instances": [
        {
          "schema_version": 0,
          "attributes": {
            "architecture": "x86_64",
            "arn": "arn:aws:ec2:us-east-2::image/ami-0597c97bbf72c5b21",
            "block_device_mappings": [
              {
                "device_name": "/dev/xvda",
                "ebs": {
                  "delete_on_termination": "true",
                  "encrypted": "false",
                  "iops": "3000",
                  "snapshot_id": "snap-06f0c1cea8b57faff",
                  "throughput": "125",
                  "volume_size": "30",
                  "volume_type": "gp3"
                },
                "no_device": "",
                "virtual_name": ""
              }
            ],
            "boot_mode": "uefi-preferred",
            "creation_date": "2023-11-07T18:57:34.000Z",
            "deprecation_time": "2025-11-07T18:57:34.000Z",
            "description": "Amazon Linux AMI 2023.0.20231103 x86_64 ECS HVM EBS",
            "ena_support": true,
            "executable_users": null,
            "filter": [
              {
                "name": "architecture",
                "values": [
                  "x86_64"
                ]
              },
              {
                "name": "name",
                "values": [
                  "al2023-ami-*"
                ]
              },
              {
                "name": "virtualization-type",
                "values": [
                  "hvm"
                ]
              }
            ],
            "hypervisor": "xen",
            "id": "ami-0597c97bbf72c5b21",
            "image_id": "ami-0597c97bbf72c5b21",
            "image_location": "amazon/al2023-ami-ecs-neuron-hvm-2023.0.20231103-kernel-6.1-x86_64",
            "image_owner_alias": "amazon",
            "image_type": "machine",
            "imds_support": "v2.0",
            "include_deprecated": false,
            "kernel_id": "",
            "most_recent": true,
            "name": "al2023-ami-ecs-neuron-hvm-2023.0.20231103-kernel-6.1-x86_64",
            "name_regex": null,
            "owner_id": "591542846629",
            "owners": [
              "amazon"
            ],
            "platform": "",
            "platform_details": "Linux/UNIX",
            "product_codes": [],
            "public": true,
            "ramdisk_id": "",
            "root_device_name": "/dev/xvda",
            "root_device_type": "ebs",
            "root_snapshot_id": "snap-06f0c1cea8b57faff",
            "sriov_net_support": "simple",
            "state": "available",
            "state_reason": {
              "code": "UNSET",
              "message": "UNSET"
            },
            "tags": {},
            "timeouts": null,
            "tpm_support": "",
            "usage_operation": "RunInstances",
            "virtualization_type": "hvm"
          },
          "sensitive_attributes": []
        }
      ]
    },
    {
      "mode": "data",
      "type": "aws_ami",
      "name": "latest_amzn2_ami",
      "provider": "provider[\"registry.terraform.io/hashicorp/aws\"]",
      "instances": [
        {
          "schema_version": 0,
          "attributes": {
            "architecture": "x86_64",
            "arn": "arn:aws:ec2:us-east-2::image/ami-059cdad1f35de63c0",
            "block_device_mappings": [
              {
                "device_name": "/dev/xvda",
                "ebs": {
                  "delete_on_termination": "true",
                  "encrypted": "false",
                  "iops": "0",
                  "snapshot_id": "snap-03598477f1420e493",
                  "throughput": "0",
                  "volume_size": "8",
                  "volume_type": "gp2"
                },
                "no_device": "",
                "virtual_name": ""
              }
            ],
            "boot_mode": "",
            "creation_date": "2023-11-01T21:53:07.000Z",
            "deprecation_time": "2025-07-01T00:00:00.000Z",
            "description": "Amazon Linux 2 Kernel 5.10 AMI 2.0.20231101.0 x86_64 HVM gp2",
            "ena_support": true,
            "executable_users": null,
            "filter": [
              {
                "name": "architecture",
                "values": [
                  "x86_64"
                ]
              },
              {
                "name": "name",
                "values": [
                  "amzn2-ami-kernel-5.10-hvm-*-gp2"
                ]
              },
              {
                "name": "virtualization-type",
                "values": [
                  "hvm"
                ]
              }
            ],
            "hypervisor": "xen",
            "id": "ami-059cdad1f35de63c0",
            "image_id": "ami-059cdad1f35de63c0",
            "image_location": "amazon/amzn2-ami-kernel-5.10-hvm-2.0.20231101.0-x86_64-gp2",
            "image_owner_alias": "amazon",
            "image_type": "machine",
            "imds_support": "",
            "include_deprecated": false,
            "kernel_id": "",
            "most_recent": true,
            "name": "amzn2-ami-kernel-5.10-hvm-2.0.20231101.0-x86_64-gp2",
            "name_regex": null,
            "owner_id": "137112412989",
            "owners": [
              "amazon"
            ],
            "platform": "",
            "platform_details": "Linux/UNIX",
            "product_codes": [],
            "public": true,
            "ramdisk_id": "",
            "root_device_name": "/dev/xvda",
            "root_device_type": "ebs",
            "root_snapshot_id": "snap-03598477f1420e493",
            "sriov_net_support": "simple",
            "state": "available",
            "state_reason": {
              "code": "UNSET",
              "message": "UNSET"
            },
            "tags": {},
            "timeouts": null,
            "tpm_support": "",
            "usage_operation": "RunInstances",
            "virtualization_type": "hvm"
          },
          "sensitive_attributes": []
        }
      ]
    },
    {
      "mode": "data",
      "type": "aws_availability_zones",
      "name": "available",
      "provider": "provider[\"registry.terraform.io/hashicorp/aws\"]",
      "instances": [
        {
          "schema_version": 0,
          "attributes": {
            "all_availability_zones": null,
            "exclude_names": null,
            "exclude_zone_ids": null,
            "filter": null,
            "group_names": [
              "us-east-2"
            ],
            "id": "us-east-2",
            "names": [
              "us-east-2a",
              "us-east-2b",
              "us-east-2c"
            ],
            "state": null,
            "timeouts": null,
            "zone_ids": [
              "use2-az1",
              "use2-az2",
              "use2-az3"
            ]
          },
          "sensitive_attributes": []
        }
      ]
    },
    {
      "mode": "managed",
      "type": "aws_instance",
      "name": "web_server_one",
      "provider": "provider[\"registry.terraform.io/hashicorp/aws\"]",
      "instances": [
        {
          "schema_version": 1,
          "attributes": {
            "ami": "ami-059cdad1f35de63c0",
            "arn": "arn:aws:ec2:us-east-2:588459062833:instance/i-04aae6c98aa1e6b93",
            "associate_public_ip_address": true,
            "availability_zone": "us-east-2a",
            "capacity_reservation_specification": [
              {
                "capacity_reservation_preference": "open",
                "capacity_reservation_target": []
              }
            ],
            "cpu_core_count": 1,
            "cpu_options": [
              {
                "amd_sev_snp": "",
                "core_count": 1,
                "threads_per_core": 1
              }
            ],
            "cpu_threads_per_core": 1,
            "credit_specification": [
              {
                "cpu_credits": "standard"
              }
            ],
            "disable_api_stop": false,
            "disable_api_termination": false,
            "ebs_block_device": [],
            "ebs_optimized": false,
            "enclave_options": [
              {
                "enabled": false
              }
            ],
            "ephemeral_block_device": [],
            "get_password_data": false,
            "hibernation": false,
            "host_id": "",
            "host_resource_group_arn": null,
            "iam_instance_profile": "",
            "id": "i-04aae6c98aa1e6b93",
            "instance_initiated_shutdown_behavior": "stop",
            "instance_lifecycle": "",
            "instance_market_options": [],
            "instance_state": "running",
            "instance_type": "t2.micro",
            "ipv6_address_count": 0,
            "ipv6_addresses": [],
            "key_name": "my-public-key",
            "launch_template": [],
            "maintenance_options": [
              {
                "auto_recovery": "default"
              }
            ],
            "metadata_options": [
              {
                "http_endpoint": "enabled",
                "http_protocol_ipv6": "disabled",
                "http_put_response_hop_limit": 1,
                "http_tokens": "optional",
                "instance_metadata_tags": "disabled"
              }
            ],
            "monitoring": false,
            "network_interface": [],
            "outpost_arn": "",
            "password_data": "",
            "placement_group": "",
            "placement_partition_number": 0,
            "primary_network_interface_id": "eni-0ed14d4c899f606a5",
            "private_dns": "ip-10-0-4-171.us-east-2.compute.internal",
            "private_dns_name_options": [
              {
                "enable_resource_name_dns_a_record": false,
                "enable_resource_name_dns_aaaa_record": false,
                "hostname_type": "ip-name"
              }
            ],
            "private_ip": "10.0.4.171",
            "public_dns": "ec2-3-23-103-182.us-east-2.compute.amazonaws.com",
            "public_ip": "3.23.103.182",
            "root_block_device": [
              {
                "delete_on_termination": true,
                "device_name": "/dev/xvda",
                "encrypted": false,
                "iops": 100,
                "kms_key_id": "",
                "tags": {},
                "throughput": 0,
                "volume_id": "vol-03fa928cb1ef654be",
                "volume_size": 8,
                "volume_type": "gp2"
              }
            ],
            "secondary_private_ips": [],
            "security_groups": [],
            "source_dest_check": true,
            "spot_instance_request_id": "",
            "subnet_id": "subnet-0deee8c4102ba9f06",
            "tags": null,
            "tags_all": {},
            "tenancy": "default",
            "timeouts": null,
            "user_data": "c4ff57da94c7532d2e8a00e765ee7751cdc0131c",
            "user_data_base64": null,
            "user_data_replace_on_change": false,
            "volume_tags": null,
            "vpc_security_group_ids": [
              "sg-04fa404ff9bfd3ac4"
            ]
          },
          "sensitive_attributes": [],
          "private": "eyJlMmJmYjczMC1lY2FhLTExZTYtOGY4OC0zNDM2M2JjN2M0YzAiOnsiY3JlYXRlIjo2MDAwMDAwMDAwMDAsImRlbGV0ZSI6MTIwMDAwMDAwMDAwMCwidXBkYXRlIjo2MDAwMDAwMDAwMDB9LCJzY2hlbWFfdmVyc2lvbiI6IjEifQ==",
          "dependencies": [
            "aws_key_pair.ssh-public-key",
            "aws_security_group.web_srv_sg",
            "data.aws_ami.latest_amzn2_ami",
            "data.aws_availability_zones.available",
            "module.vpc.aws_subnet.public",
            "module.vpc.aws_vpc.this",
            "module.vpc.aws_vpc_ipv4_cidr_block_association.this",
            "tls_private_key.ssh"
          ]
        }
      ]
    },
    {
      "mode": "managed",
      "type": "aws_key_pair",
      "name": "ssh-public-key",
      "provider": "provider[\"registry.terraform.io/hashicorp/aws\"]",
      "instances": [
        {
          "schema_version": 1,
          "attributes": {
            "arn": "arn:aws:ec2:us-east-2:588459062833:key-pair/my-public-key",
            "fingerprint": "89:91:5f:99:79:a5:d5:da:59:78:c2:2e:5e:5c:3b:29",
            "id": "my-public-key",
            "key_name": "my-public-key",
            "key_name_prefix": "",
            "key_pair_id": "key-06e341b592db9380e",
            "key_type": "rsa",
            "public_key": "ssh-rsa AAAAB3NzaC1yc2EAAAADAQABAAACAQCuromLbJb1ea6/SsGvDcCRTCdFuBGi+p0Nhih+h6fQ879GeNXshF0IRjJ1RMjaskcZdG9MsDbGUTT0YbZCSg3Lm369UjDlYrdP1noaBcuxwOTUh/Zdc5Osi5kECNe+JP6QzwJLjj/6im4xe67/6K2ZCra8TiCd0O/LY26icW/I990Kzq42WWrJGoFluIhr7mHlvCkH4T82KxyiJK46yAmkOOuuJc+jjUTvVnxhmIUr/hg+Gibx2xyXMHG4wQTxfzgJRQMnjmYBlXMv2t58NgWnEFK1bOP0HG2OzaBJbzQ/Q6BIcw3qus9L7wwNN090OYpbm/LRs9dkQZzbYxzIf5kxgVV2IAo002eU5dhw5bD1SFYqyRqeRplE0Gewa0U5eClBGR5V3h03jREwkN0mNdh8JDHSBKRaqozSvvfO+zQFq2foN7tnyG70LoNDROW8t+VfAxkIVxa+ARGz+Mo5lF460tc51mc8nAF2Hj02tXuIeuXoW/TXzOq4aV1m3kc+p86eoIL6GYf5lvM+1LW3ArKRN4vRjMBzpuWZrKX3L4iunhixpYiANzW3NW8ZczOcASQZDmlq5oxHqM9TDVrHgwWGnRPhZV+z490EpuuJ4CtuYOFhpJ+FM5a2Qm4aGC3uPmJHk57+6LEqz+o7NVTxpY8o7hfh324wPoe+k4t4L4Ek8Q==",
            "tags": null,
            "tags_all": {}
          },
          "sensitive_attributes": [],
          "private": "eyJzY2hlbWFfdmVyc2lvbiI6IjEifQ==",
          "dependencies": [
            "tls_private_key.ssh"
          ]
        }
      ]
    },
    {
      "mode": "managed",
      "type": "aws_security_group",
      "name": "web_srv_sg",
      "provider": "provider[\"registry.terraform.io/hashicorp/aws\"]",
      "instances": [
        {
          "schema_version": 1,
          "attributes": {
            "arn": "arn:aws:ec2:us-east-2:588459062833:security-group/sg-04fa404ff9bfd3ac4",
            "description": "Managed by Terraform",
            "egress": [
              {
                "cidr_blocks": [
                  "0.0.0.0/0"
                ],
                "description": "",
                "from_port": 0,
                "ipv6_cidr_blocks": [],
                "prefix_list_ids": [],
                "protocol": "-1",
                "security_groups": [],
                "self": false,
                "to_port": 0
              }
            ],
            "id": "sg-04fa404ff9bfd3ac4",
            "ingress": [
              {
                "cidr_blocks": [
                  "0.0.0.0/0"
                ],
                "description": "",
                "from_port": 22,
                "ipv6_cidr_blocks": [],
                "prefix_list_ids": [],
                "protocol": "tcp",
                "security_groups": [],
                "self": false,
                "to_port": 22
              },
              {
                "cidr_blocks": [
                  "0.0.0.0/0"
                ],
                "description": "",
                "from_port": 80,
                "ipv6_cidr_blocks": [],
                "prefix_list_ids": [],
                "protocol": "tcp",
                "security_groups": [],
                "self": false,
                "to_port": 80
              }
            ],
            "name": "websrvsg",
            "name_prefix": "",
            "owner_id": "588459062833",
            "revoke_rules_on_delete": false,
            "tags": null,
            "tags_all": {},
            "timeouts": null,
            "vpc_id": "vpc-0838e94104e634ea6"
          },
          "sensitive_attributes": [],
          "private": "eyJlMmJmYjczMC1lY2FhLTExZTYtOGY4OC0zNDM2M2JjN2M0YzAiOnsiY3JlYXRlIjo2MDAwMDAwMDAwMDAsImRlbGV0ZSI6OTAwMDAwMDAwMDAwfSwic2NoZW1hX3ZlcnNpb24iOiIxIn0=",
          "dependencies": [
            "module.vpc.aws_vpc.this"
          ]
        }
      ]
    },
    {
      "mode": "managed",
      "type": "local_file",
      "name": "output_variables",
      "provider": "provider[\"registry.terraform.io/hashicorp/local\"]",
      "instances": [
        {
          "schema_version": 0,
          "attributes": {
            "content": "#!/bin/zsh\n##\n## variables for the ZSH shell scripts\n##\nREMOTE_USER=\"ec2-user\"\nPRIVATE_KEY_FILE=\"private_key.pem\"\n\n  \nEC2=\"3.23.103.182\"\n\n",
            "content_base64": null,
            "content_base64sha256": "X+W/biMGWgPy6uJwnRgdB8eKWxYKg92orAw4kL56YjI=",
            "content_base64sha512": "TaMjKAfVf9uxoHshgHci0sQNnTDqIS/mkgXCBLztUGgwdlwjpl8yukpP+X6AmbYVTbyZn0BlqrgU10RIwHzvwg==",
            "content_md5": "641402ffc13c142d74f6b4c8eb343a9e",
            "content_sha1": "3914cec5f087151e53fb73763cfd17a5b1e4f116",
            "content_sha256": "5fe5bf6e23065a03f2eae2709d181d07c78a5b160a83dda8ac0c3890be7a6232",
            "content_sha512": "4da3232807d57fdbb1a07b21807722d2c40d9d30ea212fe69205c204bced506830765c23a65f32ba4a4ff97e8099b6154dbc999f4065aab814d74448c07cefc2",
            "directory_permission": "0777",
            "file_permission": "0777",
            "filename": "./scripts/variables.zsh",
            "id": "3914cec5f087151e53fb73763cfd17a5b1e4f116",
            "sensitive_content": null,
            "source": null
          },
          "sensitive_attributes": [],
          "dependencies": [
            "aws_instance.web_server_one",
            "aws_key_pair.ssh-public-key",
            "aws_security_group.web_srv_sg",
            "data.aws_ami.latest_amzn2_ami",
            "data.aws_availability_zones.available",
            "module.vpc.aws_subnet.public",
            "module.vpc.aws_vpc.this",
            "module.vpc.aws_vpc_ipv4_cidr_block_association.this",
            "tls_private_key.ssh"
          ]
        }
      ]
    },
    {
      "mode": "managed",
      "type": "local_sensitive_file",
      "name": "private-key-pem-file",
      "provider": "provider[\"registry.terraform.io/hashicorp/local\"]",
      "instances": [
        {
          "schema_version": 0,
          "attributes": {
            "content": "-----BEGIN RSA PRIVATE KEY-----\nMIIJKAIBAAKCAgEArq6Ji2yW9Xmuv0rBrw3AkUwnRbgRovqdDYYofoen0PO/RnjV\n7IRdCEYydUTI2rJHGXRvTLA2xlE09GG2QkoNy5t+vVIw5WK3T9Z6GgXLscDk1If2\nXXOTrIuZBAjXviT+kM8CS44/+opuMXuu/+itmQq2vE4gndDvy2NuonFvyPfdCs6u\nNllqyRqBZbiIa+5h5bwpB+E/NiscoiSuOsgJpDjrriXPo41E71Z8YZiFK/4YPhom\n8dsclzBxuMEE8X84CUUDJ45mAZVzL9refDYFpxBStWzj9Bxtjs2gSW80P0OgSHMN\n6rrPS+8MDTdPdDmKW5vy0bPXZEGc22McyH+ZMYFVdiAKNNNnlOXYcOWw9UhWKska\nnkaZRNBnsGtFOXgpQRkeVd4dN40RMJDdJjXYfCQx0gSkWqqM0r73zvs0Batn6De7\nZ8hu9C6DQ0TlvLflXwMZCFcWvgERs/jKOZReOtLXOdZnPJwBdh49NrV7iHrl6Fv0\n18zquGldZt5HPqfOnqCC+hmH+ZbzPtS1twKykTeL0YzAc6blmayl9y+Irp4YsaWI\ngDc1tzVvGXMznAEkGQ5pauaMR6jPUw1ax4MFhp0T4WVfs+PdBKbrieArbmDhYaSf\nhTOWtkJuGhgt7j5iR5Oe/uixKs/qOzVU8aWPKO4X4d9uMD6HvpOLeC+BJPECAwEA\nAQKCAgB7olsFjHD4AwzUpaOaM6CU9hJhvRr2gGyCMu8cRwVW1f4Ocd3vTevOvGhg\nKbQDXeUGtitEWwAZs0ZIpZPrLSDAeCjm9HJZGFpoLoQzQODfyYfsiOKtV+0wVYmS\nmnOgR+zJL0sPkPnlaO7/JOxCgjvEMxoNAzsAl+3wxUp7vNACrLQNPyV8oCL9fT4S\ncd5Ujd9KS7e6tQkZXMAiXtXWEtkIG6Vrl6Vzu7wLrenQ5bNz5J7h7X6c9ZkxxP7o\nZe0KxCE0Jl1KNPYrrsxdFYsc3Nt5WAtCD3TzxN8iEJWfBA81q7aZMJ2sAlZQBzw/\namNY/pTXq/Pbym7rrajIekjX+7+/Z4+60zJqJBwRo43Dz5bLPtuhIS/my+rJmF2i\nxmG427nUavWnYqq1RzRe5pYhlllEaOHbJHafQcsTCI09LGqVIVeaCVbjDW38vO/R\n7DxWFvacJxyKvWIoZZL/RP20QkKBfMpreXH+WB2DRVBcowHkkdMrE7wVsPT4mH9u\n+pGtXN0H5O8ZtQeZSWzGKtvDqGs0Nms/c2oY8FcwFYME+3qZgSli0Tipn5dsZmLc\nKHPWF6DnqigUGiyHHBe7gW13vN0Ci4lKcOf71yoZbFZ73sxbq+2Q1mPfRM1JNwW0\npltO+uRHtDWoP7aqBiMmipbF/U+jszP1KA9qEhb2+ZKbs2FMtQKCAQEAysFl0MWU\nXksXlrwybcvU4wg9eRU72+l8edx8e8Ej7YNYMxrQvof3UFdZDKxThFzCNvFYZ7t2\nRKSkkZ1saLCgq/ttxDt/1Zxc2obXcEt0GkL4q2na6+7tXA/Bnk+N8/Val6yYKNQc\nDGS7Nql0wAEC/Pae60NlgxQPTKSIXwqlVsedBQNvurqNMMT20jdnp3vAcsL1miW+\nwiWtILTzrXt4j6M20nnY5qb1GgZZeVrpfDzcgJ5atdUkbdfbwi7nyP9NLoEiSHxF\nrsNhL8COi0eupdaM5hc++1MNoqp7doKnjP5S6sB+HF/5fEtZqOkBR9XZD/vrOJ6x\nBzkMdq3wekLbWwKCAQEA3I3WC7KDpS+1R5BHjmSLklRNMhSEh+VH+zJ0x06eubz2\nQXVFT4VP8eD827u6/Ia7iC+dQjB1fEYTlqvPCiUe+9q61Le6lJRbkB5FKfP147HN\ngAqEotqmMv+5L/uawVC+GvgTaMncS6mrimP1KCgp0o3Jzsk/ZbNO5UchYzlapR5b\nzhdVDkoJJ+jG5OgB7GG+mLwWv83fHgDdMcKQF2YUHw4i2nSijk3jPSPY7mfTIk+4\nmswmKP8N8g+rTGyiHa7IvzlBcvX1kl3Sppfo3Qa0MFNoUsC8Xgti+OcBAf+T0I97\nIMSa9jZqcxx5SNbk+tpCsGWj9yisMX167NBBXjmOowKCAQA73s/Jzg35qgLVJ81c\nTowWXiCI2JRMY6217j1z7ZxGTjqFHK33FP8aYjCRZXFj7GANCUcpmllZ+6P8u5d/\ncmh/YEcRYuBkmz9v59FF/4HRH2V+eEuEz5CXVq+9p5ArMZAGqZhktf1yS2xcv70R\n1Tqkp85VehlHk2zRHOSH7ATWkyryiAk+Akge1oprmKCq/Aff22HamrqxaZ6twcES\nwRrgjzlo/UHnGfXWMXnKM+YuIWqbMCdo+f8/0DW8KU2YNIr96HPPI6MP7/GKwDlX\nN1uC7M++Qa7/V473MZAzdnEzWQXy+9RBXLW21ikrj2IpbCQkbCcRGQr9LwNXKBWS\nhJtxAoIBAHsXLb6Zgp9OYP3vp//wXXTtV6f7i3vMmr+3CTWyyyMeMtGVgXlADb4Q\nsw5vV4xYJZF8AWhPY0JYWdZdTM98qC4nhN3zLE5//hoQysj/Ptw0/1vWgu/g16De\n15vP8C6zwWWLzklNX4VazEIQR2KCB9VbDKY76wX3bLDJYfjeqZg9uT7sBqxS5YlA\ngMCAO5KReq4DSy8A1uUH1mtPCtwEPHaYjRsevRpuncQhnZBwoYUkuQKrrSB0OHRA\nCno8pr2qLp+KdNyUKNnnQwl2/p9cfnP6GN8WcgqKkFIZmpZi7TwY178R+uoutHpK\nCeZ9CI54AYAxObFXIcL9JP3FvLW5qcECggEBAK7gscSoJ8HsjTSpAxa0s4gEgubj\nGmtOzhOaVxv2tAq7kDPMkghb9kIxlieOyUb5sokLbvoyqHNNLvOYXchkmBrsxM3q\nsN8sP/3gdo6VRJ3VlDu8MUWsxUNcYAT+WtqbbFR5e3vfbYuScSliSsYGPq9kVFs6\njnLt1haEEhfdXyrn3fTpzvJppS9vIs9ym5JQAyNdSreZSk0GXMNhFE55c2mG5ez8\nMMstaG/N6yoXvy9TX/vEiEkXxWxJXYHOhpyaqnuVIIdNLneSp6rG7qX1LkprbRO9\nMn0VPKllghIH13VCDmRIFL2bdBc/bwDlz02NRYheMAkd1FIkhADaervIv24=\n-----END RSA PRIVATE KEY-----\n",
            "content_base64": null,
            "content_base64sha256": "mcetVxqvYZ7vYX1lDuGoA7U67EzXgmvjklaCsw3X7Og=",
            "content_base64sha512": "WnENYXhFGjDHapzMeVU+yBw5I3USic2BgDIO/rwAJiy7znuwUSrIcMZ1JZlDl9oq+aj23wYnuZhIc2aH/De43Q==",
            "content_md5": "fd17bd4429227910af4f1d662a0f92e9",
            "content_sha1": "ec43caab3661226f539905e182ba92fda9822aaf",
            "content_sha256": "99c7ad571aaf619eef617d650ee1a803b53aec4cd7826be3925682b30dd7ece8",
            "content_sha512": "5a710d6178451a30c76a9ccc79553ec81c3923751289cd8180320efebc00262cbbce7bb0512ac870c67525994397da2af9a8f6df0627b99848736687fc37b8dd",
            "directory_permission": "700",
            "file_permission": "600",
            "filename": "./scripts/private_key.pem",
            "id": "ec43caab3661226f539905e182ba92fda9822aaf",
            "source": null
          },
          "sensitive_attributes": [
            [
              {
                "type": "get_attr",
                "value": "content"
              }
            ]
          ],
          "dependencies": [
            "tls_private_key.ssh"
          ]
        }
      ]
    },
    {
      "mode": "managed",
      "type": "local_sensitive_file",
      "name": "public-key-pem-file",
      "provider": "provider[\"registry.terraform.io/hashicorp/local\"]",
      "instances": [
        {
          "schema_version": 0,
          "attributes": {
            "content": "ssh-rsa AAAAB3NzaC1yc2EAAAADAQABAAACAQCuromLbJb1ea6/SsGvDcCRTCdFuBGi+p0Nhih+h6fQ879GeNXshF0IRjJ1RMjaskcZdG9MsDbGUTT0YbZCSg3Lm369UjDlYrdP1noaBcuxwOTUh/Zdc5Osi5kECNe+JP6QzwJLjj/6im4xe67/6K2ZCra8TiCd0O/LY26icW/I990Kzq42WWrJGoFluIhr7mHlvCkH4T82KxyiJK46yAmkOOuuJc+jjUTvVnxhmIUr/hg+Gibx2xyXMHG4wQTxfzgJRQMnjmYBlXMv2t58NgWnEFK1bOP0HG2OzaBJbzQ/Q6BIcw3qus9L7wwNN090OYpbm/LRs9dkQZzbYxzIf5kxgVV2IAo002eU5dhw5bD1SFYqyRqeRplE0Gewa0U5eClBGR5V3h03jREwkN0mNdh8JDHSBKRaqozSvvfO+zQFq2foN7tnyG70LoNDROW8t+VfAxkIVxa+ARGz+Mo5lF460tc51mc8nAF2Hj02tXuIeuXoW/TXzOq4aV1m3kc+p86eoIL6GYf5lvM+1LW3ArKRN4vRjMBzpuWZrKX3L4iunhixpYiANzW3NW8ZczOcASQZDmlq5oxHqM9TDVrHgwWGnRPhZV+z490EpuuJ4CtuYOFhpJ+FM5a2Qm4aGC3uPmJHk57+6LEqz+o7NVTxpY8o7hfh324wPoe+k4t4L4Ek8Q==\n",
            "content_base64": null,
            "content_base64sha256": "K9jvUYD1cyIIf0jlGjwO6JR8lkKffYhn5HNaa9eOAew=",
            "content_base64sha512": "LZABycjP1CTnqIQmfxUgF4L02Dt159yAdccz8VjPssNxwCE66nHd0+df3fB2N+t07kP6jHf+GSJGLW4y5kHTjw==",
            "content_md5": "de8ce63e89c3ff3c55ed58ff2b74bc0c",
            "content_sha1": "fd620a37d8db77decea64a30aea2c04059f3b8ba",
            "content_sha256": "2bd8ef5180f57322087f48e51a3c0ee8947c96429f7d8867e4735a6bd78e01ec",
            "content_sha512": "2d9001c9c8cfd424e7a884267f15201782f4d83b75e7dc8075c733f158cfb2c371c0213aea71ddd3e75fddf07637eb74ee43fa8c77fe1922462d6e32e641d38f",
            "directory_permission": "700",
            "file_permission": "600",
            "filename": "./scripts/public_key.pem",
            "id": "fd620a37d8db77decea64a30aea2c04059f3b8ba",
            "source": null
          },
          "sensitive_attributes": [],
          "dependencies": [
            "tls_private_key.ssh"
          ]
        }
      ]
    },
    {
      "mode": "managed",
      "type": "tls_private_key",
      "name": "ssh",
      "provider": "provider[\"registry.terraform.io/hashicorp/tls\"]",
      "instances": [
        {
          "schema_version": 1,
          "attributes": {
            "algorithm": "RSA",
            "ecdsa_curve": "P224",
            "id": "2918acb90e1e8d5abbbb3ee257683d096d6cd7c6",
            "private_key_openssh": "-----BEGIN OPENSSH PRIVATE KEY-----\nb3BlbnNzaC1rZXktdjEAAAAABG5vbmUAAAAEbm9uZQAAAAAAAAABAAACFwAAAAdz\nc2gtcnNhAAAAAwEAAQAAAgEArq6Ji2yW9Xmuv0rBrw3AkUwnRbgRovqdDYYofoen\n0PO/RnjV7IRdCEYydUTI2rJHGXRvTLA2xlE09GG2QkoNy5t+vVIw5WK3T9Z6GgXL\nscDk1If2XXOTrIuZBAjXviT+kM8CS44/+opuMXuu/+itmQq2vE4gndDvy2NuonFv\nyPfdCs6uNllqyRqBZbiIa+5h5bwpB+E/NiscoiSuOsgJpDjrriXPo41E71Z8YZiF\nK/4YPhom8dsclzBxuMEE8X84CUUDJ45mAZVzL9refDYFpxBStWzj9Bxtjs2gSW80\nP0OgSHMN6rrPS+8MDTdPdDmKW5vy0bPXZEGc22McyH+ZMYFVdiAKNNNnlOXYcOWw\n9UhWKskankaZRNBnsGtFOXgpQRkeVd4dN40RMJDdJjXYfCQx0gSkWqqM0r73zvs0\nBatn6De7Z8hu9C6DQ0TlvLflXwMZCFcWvgERs/jKOZReOtLXOdZnPJwBdh49NrV7\niHrl6Fv018zquGldZt5HPqfOnqCC+hmH+ZbzPtS1twKykTeL0YzAc6blmayl9y+I\nrp4YsaWIgDc1tzVvGXMznAEkGQ5pauaMR6jPUw1ax4MFhp0T4WVfs+PdBKbrieAr\nbmDhYaSfhTOWtkJuGhgt7j5iR5Oe/uixKs/qOzVU8aWPKO4X4d9uMD6HvpOLeC+B\nJPEAAAc4UNU3r1DVN68AAAAHc3NoLXJzYQAAAgEArq6Ji2yW9Xmuv0rBrw3AkUwn\nRbgRovqdDYYofoen0PO/RnjV7IRdCEYydUTI2rJHGXRvTLA2xlE09GG2QkoNy5t+\nvVIw5WK3T9Z6GgXLscDk1If2XXOTrIuZBAjXviT+kM8CS44/+opuMXuu/+itmQq2\nvE4gndDvy2NuonFvyPfdCs6uNllqyRqBZbiIa+5h5bwpB+E/NiscoiSuOsgJpDjr\nriXPo41E71Z8YZiFK/4YPhom8dsclzBxuMEE8X84CUUDJ45mAZVzL9refDYFpxBS\ntWzj9Bxtjs2gSW80P0OgSHMN6rrPS+8MDTdPdDmKW5vy0bPXZEGc22McyH+ZMYFV\ndiAKNNNnlOXYcOWw9UhWKskankaZRNBnsGtFOXgpQRkeVd4dN40RMJDdJjXYfCQx\n0gSkWqqM0r73zvs0Batn6De7Z8hu9C6DQ0TlvLflXwMZCFcWvgERs/jKOZReOtLX\nOdZnPJwBdh49NrV7iHrl6Fv018zquGldZt5HPqfOnqCC+hmH+ZbzPtS1twKykTeL\n0YzAc6blmayl9y+Irp4YsaWIgDc1tzVvGXMznAEkGQ5pauaMR6jPUw1ax4MFhp0T\n4WVfs+PdBKbrieArbmDhYaSfhTOWtkJuGhgt7j5iR5Oe/uixKs/qOzVU8aWPKO4X\n4d9uMD6HvpOLeC+BJPEAAAADAQABAAACAHuiWwWMcPgDDNSlo5ozoJT2EmG9GvaA\nbIIy7xxHBVbV/g5x3e9N6868aGAptANd5Qa2K0RbABmzRkilk+stIMB4KOb0clkY\nWmguhDNA4N/Jh+yI4q1X7TBViZKac6BH7MkvSw+Q+eVo7v8k7EKCO8QzGg0DOwCX\n7fDFSnu80AKstA0/JXygIv19PhJx3lSN30pLt7q1CRlcwCJe1dYS2QgbpWuXpXO7\nvAut6dDls3PknuHtfpz1mTHE/uhl7QrEITQmXUo09iuuzF0Vixzc23lYC0IPdPPE\n3yIQlZ8EDzWrtpkwnawCVlAHPD9qY1j+lNer89vKbuutqMh6SNf7v79nj7rTMmok\nHBGjjcPPlss+26EhL+bL6smYXaLGYbjbudRq9adiqrVHNF7mliGWWURo4dskdp9B\nyxMIjT0sapUhV5oJVuMNbfy879HsPFYW9pwnHIq9Yihlkv9E/bRCQoF8ymt5cf5Y\nHYNFUFyjAeSR0ysTvBWw9PiYf276ka1c3Qfk7xm1B5lJbMYq28OoazQ2az9zahjw\nVzAVgwT7epmBKWLROKmfl2xmYtwoc9YXoOeqKBQaLIccF7uBbXe83QKLiUpw5/vX\nKhlsVnvezFur7ZDWY99EzUk3BbSmW0765Ee0Nag/tqoGIyaKlsX9T6OzM/UoD2oS\nFvb5kpuzYUy1AAABAQCu4LHEqCfB7I00qQMWtLOIBILm4xprTs4Tmlcb9rQKu5Az\nzJIIW/ZCMZYnjslG+bKJC276MqhzTS7zmF3IZJga7MTN6rDfLD/94HaOlUSd1ZQ7\nvDFFrMVDXGAE/lram2xUeXt7322LknEpYkrGBj6vZFRbOo5y7dYWhBIX3V8q5930\n6c7yaaUvbyLPcpuSUAMjXUq3mUpNBlzDYRROeXNphuXs/DDLLWhvzesqF78vU1/7\nxIhJF8VsSV2Bzoacmqp7lSCHTS53kqeqxu6l9S5Ka20TvTJ9FTypZYISB9d1Qg5k\nSBS9m3QXP28A5c9NjUWIXjAJHdRSJIQA2nq7yL9uAAABAQDKwWXQxZReSxeWvDJt\ny9TjCD15FTvb6Xx53Hx7wSPtg1gzGtC+h/dQV1kMrFOEXMI28Vhnu3ZEpKSRnWxo\nsKCr+23EO3/VnFzahtdwS3QaQviradrr7u1cD8GeT43z9VqXrJgo1BwMZLs2qXTA\nAQL89p7rQ2WDFA9MpIhfCqVWx50FA2+6uo0wxPbSN2ene8BywvWaJb7CJa0gtPOt\ne3iPozbSedjmpvUaBll5Wul8PNyAnlq11SRt19vCLufI/00ugSJIfEWuw2EvwI6L\nR66l1ozmFz77Uw2iqnt2gqeM/lLqwH4cX/l8S1mo6QFH1dkP++s4nrEHOQx2rfB6\nQttbAAABAQDcjdYLsoOlL7VHkEeOZIuSVE0yFISH5Uf7MnTHTp65vPZBdUVPhU/x\n4Pzbu7r8hruIL51CMHV8RhOWq88KJR772rrUt7qUlFuQHkUp8/Xjsc2ACoSi2qYy\n/7kv+5rBUL4a+BNoydxLqauKY/UoKCnSjcnOyT9ls07lRyFjOVqlHlvOF1UOSgkn\n6Mbk6AHsYb6YvBa/zd8eAN0xwpAXZhQfDiLadKKOTeM9I9juZ9MiT7iazCYo/w3y\nD6tMbKIdrsi/OUFy9fWSXdKml+jdBrQwU2hSwLxeC2L45wEB/5PQj3sgxJr2Nmpz\nHHlI1uT62kKwZaP3KKwxfXrs0EFeOY6jAAAAAAEC\n-----END OPENSSH PRIVATE KEY-----\n",
            "private_key_pem": "-----BEGIN RSA PRIVATE KEY-----\nMIIJKAIBAAKCAgEArq6Ji2yW9Xmuv0rBrw3AkUwnRbgRovqdDYYofoen0PO/RnjV\n7IRdCEYydUTI2rJHGXRvTLA2xlE09GG2QkoNy5t+vVIw5WK3T9Z6GgXLscDk1If2\nXXOTrIuZBAjXviT+kM8CS44/+opuMXuu/+itmQq2vE4gndDvy2NuonFvyPfdCs6u\nNllqyRqBZbiIa+5h5bwpB+E/NiscoiSuOsgJpDjrriXPo41E71Z8YZiFK/4YPhom\n8dsclzBxuMEE8X84CUUDJ45mAZVzL9refDYFpxBStWzj9Bxtjs2gSW80P0OgSHMN\n6rrPS+8MDTdPdDmKW5vy0bPXZEGc22McyH+ZMYFVdiAKNNNnlOXYcOWw9UhWKska\nnkaZRNBnsGtFOXgpQRkeVd4dN40RMJDdJjXYfCQx0gSkWqqM0r73zvs0Batn6De7\nZ8hu9C6DQ0TlvLflXwMZCFcWvgERs/jKOZReOtLXOdZnPJwBdh49NrV7iHrl6Fv0\n18zquGldZt5HPqfOnqCC+hmH+ZbzPtS1twKykTeL0YzAc6blmayl9y+Irp4YsaWI\ngDc1tzVvGXMznAEkGQ5pauaMR6jPUw1ax4MFhp0T4WVfs+PdBKbrieArbmDhYaSf\nhTOWtkJuGhgt7j5iR5Oe/uixKs/qOzVU8aWPKO4X4d9uMD6HvpOLeC+BJPECAwEA\nAQKCAgB7olsFjHD4AwzUpaOaM6CU9hJhvRr2gGyCMu8cRwVW1f4Ocd3vTevOvGhg\nKbQDXeUGtitEWwAZs0ZIpZPrLSDAeCjm9HJZGFpoLoQzQODfyYfsiOKtV+0wVYmS\nmnOgR+zJL0sPkPnlaO7/JOxCgjvEMxoNAzsAl+3wxUp7vNACrLQNPyV8oCL9fT4S\ncd5Ujd9KS7e6tQkZXMAiXtXWEtkIG6Vrl6Vzu7wLrenQ5bNz5J7h7X6c9ZkxxP7o\nZe0KxCE0Jl1KNPYrrsxdFYsc3Nt5WAtCD3TzxN8iEJWfBA81q7aZMJ2sAlZQBzw/\namNY/pTXq/Pbym7rrajIekjX+7+/Z4+60zJqJBwRo43Dz5bLPtuhIS/my+rJmF2i\nxmG427nUavWnYqq1RzRe5pYhlllEaOHbJHafQcsTCI09LGqVIVeaCVbjDW38vO/R\n7DxWFvacJxyKvWIoZZL/RP20QkKBfMpreXH+WB2DRVBcowHkkdMrE7wVsPT4mH9u\n+pGtXN0H5O8ZtQeZSWzGKtvDqGs0Nms/c2oY8FcwFYME+3qZgSli0Tipn5dsZmLc\nKHPWF6DnqigUGiyHHBe7gW13vN0Ci4lKcOf71yoZbFZ73sxbq+2Q1mPfRM1JNwW0\npltO+uRHtDWoP7aqBiMmipbF/U+jszP1KA9qEhb2+ZKbs2FMtQKCAQEAysFl0MWU\nXksXlrwybcvU4wg9eRU72+l8edx8e8Ej7YNYMxrQvof3UFdZDKxThFzCNvFYZ7t2\nRKSkkZ1saLCgq/ttxDt/1Zxc2obXcEt0GkL4q2na6+7tXA/Bnk+N8/Val6yYKNQc\nDGS7Nql0wAEC/Pae60NlgxQPTKSIXwqlVsedBQNvurqNMMT20jdnp3vAcsL1miW+\nwiWtILTzrXt4j6M20nnY5qb1GgZZeVrpfDzcgJ5atdUkbdfbwi7nyP9NLoEiSHxF\nrsNhL8COi0eupdaM5hc++1MNoqp7doKnjP5S6sB+HF/5fEtZqOkBR9XZD/vrOJ6x\nBzkMdq3wekLbWwKCAQEA3I3WC7KDpS+1R5BHjmSLklRNMhSEh+VH+zJ0x06eubz2\nQXVFT4VP8eD827u6/Ia7iC+dQjB1fEYTlqvPCiUe+9q61Le6lJRbkB5FKfP147HN\ngAqEotqmMv+5L/uawVC+GvgTaMncS6mrimP1KCgp0o3Jzsk/ZbNO5UchYzlapR5b\nzhdVDkoJJ+jG5OgB7GG+mLwWv83fHgDdMcKQF2YUHw4i2nSijk3jPSPY7mfTIk+4\nmswmKP8N8g+rTGyiHa7IvzlBcvX1kl3Sppfo3Qa0MFNoUsC8Xgti+OcBAf+T0I97\nIMSa9jZqcxx5SNbk+tpCsGWj9yisMX167NBBXjmOowKCAQA73s/Jzg35qgLVJ81c\nTowWXiCI2JRMY6217j1z7ZxGTjqFHK33FP8aYjCRZXFj7GANCUcpmllZ+6P8u5d/\ncmh/YEcRYuBkmz9v59FF/4HRH2V+eEuEz5CXVq+9p5ArMZAGqZhktf1yS2xcv70R\n1Tqkp85VehlHk2zRHOSH7ATWkyryiAk+Akge1oprmKCq/Aff22HamrqxaZ6twcES\nwRrgjzlo/UHnGfXWMXnKM+YuIWqbMCdo+f8/0DW8KU2YNIr96HPPI6MP7/GKwDlX\nN1uC7M++Qa7/V473MZAzdnEzWQXy+9RBXLW21ikrj2IpbCQkbCcRGQr9LwNXKBWS\nhJtxAoIBAHsXLb6Zgp9OYP3vp//wXXTtV6f7i3vMmr+3CTWyyyMeMtGVgXlADb4Q\nsw5vV4xYJZF8AWhPY0JYWdZdTM98qC4nhN3zLE5//hoQysj/Ptw0/1vWgu/g16De\n15vP8C6zwWWLzklNX4VazEIQR2KCB9VbDKY76wX3bLDJYfjeqZg9uT7sBqxS5YlA\ngMCAO5KReq4DSy8A1uUH1mtPCtwEPHaYjRsevRpuncQhnZBwoYUkuQKrrSB0OHRA\nCno8pr2qLp+KdNyUKNnnQwl2/p9cfnP6GN8WcgqKkFIZmpZi7TwY178R+uoutHpK\nCeZ9CI54AYAxObFXIcL9JP3FvLW5qcECggEBAK7gscSoJ8HsjTSpAxa0s4gEgubj\nGmtOzhOaVxv2tAq7kDPMkghb9kIxlieOyUb5sokLbvoyqHNNLvOYXchkmBrsxM3q\nsN8sP/3gdo6VRJ3VlDu8MUWsxUNcYAT+WtqbbFR5e3vfbYuScSliSsYGPq9kVFs6\njnLt1haEEhfdXyrn3fTpzvJppS9vIs9ym5JQAyNdSreZSk0GXMNhFE55c2mG5ez8\nMMstaG/N6yoXvy9TX/vEiEkXxWxJXYHOhpyaqnuVIIdNLneSp6rG7qX1LkprbRO9\nMn0VPKllghIH13VCDmRIFL2bdBc/bwDlz02NRYheMAkd1FIkhADaervIv24=\n-----END RSA PRIVATE KEY-----\n",
            "private_key_pem_pkcs8": "-----BEGIN PRIVATE KEY-----\nMIIJQgIBADANBgkqhkiG9w0BAQEFAASCCSwwggkoAgEAAoICAQCuromLbJb1ea6/\nSsGvDcCRTCdFuBGi+p0Nhih+h6fQ879GeNXshF0IRjJ1RMjaskcZdG9MsDbGUTT0\nYbZCSg3Lm369UjDlYrdP1noaBcuxwOTUh/Zdc5Osi5kECNe+JP6QzwJLjj/6im4x\ne67/6K2ZCra8TiCd0O/LY26icW/I990Kzq42WWrJGoFluIhr7mHlvCkH4T82Kxyi\nJK46yAmkOOuuJc+jjUTvVnxhmIUr/hg+Gibx2xyXMHG4wQTxfzgJRQMnjmYBlXMv\n2t58NgWnEFK1bOP0HG2OzaBJbzQ/Q6BIcw3qus9L7wwNN090OYpbm/LRs9dkQZzb\nYxzIf5kxgVV2IAo002eU5dhw5bD1SFYqyRqeRplE0Gewa0U5eClBGR5V3h03jREw\nkN0mNdh8JDHSBKRaqozSvvfO+zQFq2foN7tnyG70LoNDROW8t+VfAxkIVxa+ARGz\n+Mo5lF460tc51mc8nAF2Hj02tXuIeuXoW/TXzOq4aV1m3kc+p86eoIL6GYf5lvM+\n1LW3ArKRN4vRjMBzpuWZrKX3L4iunhixpYiANzW3NW8ZczOcASQZDmlq5oxHqM9T\nDVrHgwWGnRPhZV+z490EpuuJ4CtuYOFhpJ+FM5a2Qm4aGC3uPmJHk57+6LEqz+o7\nNVTxpY8o7hfh324wPoe+k4t4L4Ek8QIDAQABAoICAHuiWwWMcPgDDNSlo5ozoJT2\nEmG9GvaAbIIy7xxHBVbV/g5x3e9N6868aGAptANd5Qa2K0RbABmzRkilk+stIMB4\nKOb0clkYWmguhDNA4N/Jh+yI4q1X7TBViZKac6BH7MkvSw+Q+eVo7v8k7EKCO8Qz\nGg0DOwCX7fDFSnu80AKstA0/JXygIv19PhJx3lSN30pLt7q1CRlcwCJe1dYS2Qgb\npWuXpXO7vAut6dDls3PknuHtfpz1mTHE/uhl7QrEITQmXUo09iuuzF0Vixzc23lY\nC0IPdPPE3yIQlZ8EDzWrtpkwnawCVlAHPD9qY1j+lNer89vKbuutqMh6SNf7v79n\nj7rTMmokHBGjjcPPlss+26EhL+bL6smYXaLGYbjbudRq9adiqrVHNF7mliGWWURo\n4dskdp9ByxMIjT0sapUhV5oJVuMNbfy879HsPFYW9pwnHIq9Yihlkv9E/bRCQoF8\nymt5cf5YHYNFUFyjAeSR0ysTvBWw9PiYf276ka1c3Qfk7xm1B5lJbMYq28OoazQ2\naz9zahjwVzAVgwT7epmBKWLROKmfl2xmYtwoc9YXoOeqKBQaLIccF7uBbXe83QKL\niUpw5/vXKhlsVnvezFur7ZDWY99EzUk3BbSmW0765Ee0Nag/tqoGIyaKlsX9T6Oz\nM/UoD2oSFvb5kpuzYUy1AoIBAQDKwWXQxZReSxeWvDJty9TjCD15FTvb6Xx53Hx7\nwSPtg1gzGtC+h/dQV1kMrFOEXMI28Vhnu3ZEpKSRnWxosKCr+23EO3/VnFzahtdw\nS3QaQviradrr7u1cD8GeT43z9VqXrJgo1BwMZLs2qXTAAQL89p7rQ2WDFA9MpIhf\nCqVWx50FA2+6uo0wxPbSN2ene8BywvWaJb7CJa0gtPOte3iPozbSedjmpvUaBll5\nWul8PNyAnlq11SRt19vCLufI/00ugSJIfEWuw2EvwI6LR66l1ozmFz77Uw2iqnt2\ngqeM/lLqwH4cX/l8S1mo6QFH1dkP++s4nrEHOQx2rfB6QttbAoIBAQDcjdYLsoOl\nL7VHkEeOZIuSVE0yFISH5Uf7MnTHTp65vPZBdUVPhU/x4Pzbu7r8hruIL51CMHV8\nRhOWq88KJR772rrUt7qUlFuQHkUp8/Xjsc2ACoSi2qYy/7kv+5rBUL4a+BNoydxL\nqauKY/UoKCnSjcnOyT9ls07lRyFjOVqlHlvOF1UOSgkn6Mbk6AHsYb6YvBa/zd8e\nAN0xwpAXZhQfDiLadKKOTeM9I9juZ9MiT7iazCYo/w3yD6tMbKIdrsi/OUFy9fWS\nXdKml+jdBrQwU2hSwLxeC2L45wEB/5PQj3sgxJr2NmpzHHlI1uT62kKwZaP3KKwx\nfXrs0EFeOY6jAoIBADvez8nODfmqAtUnzVxOjBZeIIjYlExjrbXuPXPtnEZOOoUc\nrfcU/xpiMJFlcWPsYA0JRymaWVn7o/y7l39yaH9gRxFi4GSbP2/n0UX/gdEfZX54\nS4TPkJdWr72nkCsxkAapmGS1/XJLbFy/vRHVOqSnzlV6GUeTbNEc5IfsBNaTKvKI\nCT4CSB7WimuYoKr8B9/bYdqaurFpnq3BwRLBGuCPOWj9QecZ9dYxecoz5i4hapsw\nJ2j5/z/QNbwpTZg0iv3oc88jow/v8YrAOVc3W4Lsz75Brv9XjvcxkDN2cTNZBfL7\n1EFctbbWKSuPYilsJCRsJxEZCv0vA1coFZKEm3ECggEAexctvpmCn05g/e+n//Bd\ndO1Xp/uLe8yav7cJNbLLIx4y0ZWBeUANvhCzDm9XjFglkXwBaE9jQlhZ1l1Mz3yo\nLieE3fMsTn/+GhDKyP8+3DT/W9aC7+DXoN7Xm8/wLrPBZYvOSU1fhVrMQhBHYoIH\n1VsMpjvrBfdssMlh+N6pmD25PuwGrFLliUCAwIA7kpF6rgNLLwDW5QfWa08K3AQ8\ndpiNGx69Gm6dxCGdkHChhSS5AqutIHQ4dEAKejymvaoun4p03JQo2edDCXb+n1x+\nc/oY3xZyCoqQUhmalmLtPBjXvxH66i60ekoJ5n0IjngBgDE5sVchwv0k/cW8tbmp\nwQKCAQEAruCxxKgnweyNNKkDFrSziASC5uMaa07OE5pXG/a0CruQM8ySCFv2QjGW\nJ47JRvmyiQtu+jKoc00u85hdyGSYGuzEzeqw3yw//eB2jpVEndWUO7wxRazFQ1xg\nBP5a2ptsVHl7e99ti5JxKWJKxgY+r2RUWzqOcu3WFoQSF91fKufd9OnO8mmlL28i\nz3KbklADI11Kt5lKTQZcw2EUTnlzaYbl7Pwwyy1ob83rKhe/L1Nf+8SISRfFbEld\ngc6GnJqqe5Ugh00ud5KnqsbupfUuSmttE70yfRU8qWWCEgfXdUIOZEgUvZt0Fz9v\nAOXPTY1FiF4wCR3UUiSEANp6u8i/bg==\n-----END PRIVATE KEY-----\n",
            "public_key_fingerprint_md5": "5d:cc:ca:78:19:e9:38:80:dd:29:9a:12:de:02:a3:a2",
            "public_key_fingerprint_sha256": "SHA256:EspR76x2FaD7lJvfk4zTSnGPT1MGAb4iyktoSyE9ipw",
            "public_key_openssh": "ssh-rsa AAAAB3NzaC1yc2EAAAADAQABAAACAQCuromLbJb1ea6/SsGvDcCRTCdFuBGi+p0Nhih+h6fQ879GeNXshF0IRjJ1RMjaskcZdG9MsDbGUTT0YbZCSg3Lm369UjDlYrdP1noaBcuxwOTUh/Zdc5Osi5kECNe+JP6QzwJLjj/6im4xe67/6K2ZCra8TiCd0O/LY26icW/I990Kzq42WWrJGoFluIhr7mHlvCkH4T82KxyiJK46yAmkOOuuJc+jjUTvVnxhmIUr/hg+Gibx2xyXMHG4wQTxfzgJRQMnjmYBlXMv2t58NgWnEFK1bOP0HG2OzaBJbzQ/Q6BIcw3qus9L7wwNN090OYpbm/LRs9dkQZzbYxzIf5kxgVV2IAo002eU5dhw5bD1SFYqyRqeRplE0Gewa0U5eClBGR5V3h03jREwkN0mNdh8JDHSBKRaqozSvvfO+zQFq2foN7tnyG70LoNDROW8t+VfAxkIVxa+ARGz+Mo5lF460tc51mc8nAF2Hj02tXuIeuXoW/TXzOq4aV1m3kc+p86eoIL6GYf5lvM+1LW3ArKRN4vRjMBzpuWZrKX3L4iunhixpYiANzW3NW8ZczOcASQZDmlq5oxHqM9TDVrHgwWGnRPhZV+z490EpuuJ4CtuYOFhpJ+FM5a2Qm4aGC3uPmJHk57+6LEqz+o7NVTxpY8o7hfh324wPoe+k4t4L4Ek8Q==\n",
            "public_key_pem": "-----BEGIN PUBLIC KEY-----\nMIICIjANBgkqhkiG9w0BAQEFAAOCAg8AMIICCgKCAgEArq6Ji2yW9Xmuv0rBrw3A\nkUwnRbgRovqdDYYofoen0PO/RnjV7IRdCEYydUTI2rJHGXRvTLA2xlE09GG2QkoN\ny5t+vVIw5WK3T9Z6GgXLscDk1If2XXOTrIuZBAjXviT+kM8CS44/+opuMXuu/+it\nmQq2vE4gndDvy2NuonFvyPfdCs6uNllqyRqBZbiIa+5h5bwpB+E/NiscoiSuOsgJ\npDjrriXPo41E71Z8YZiFK/4YPhom8dsclzBxuMEE8X84CUUDJ45mAZVzL9refDYF\npxBStWzj9Bxtjs2gSW80P0OgSHMN6rrPS+8MDTdPdDmKW5vy0bPXZEGc22McyH+Z\nMYFVdiAKNNNnlOXYcOWw9UhWKskankaZRNBnsGtFOXgpQRkeVd4dN40RMJDdJjXY\nfCQx0gSkWqqM0r73zvs0Batn6De7Z8hu9C6DQ0TlvLflXwMZCFcWvgERs/jKOZRe\nOtLXOdZnPJwBdh49NrV7iHrl6Fv018zquGldZt5HPqfOnqCC+hmH+ZbzPtS1twKy\nkTeL0YzAc6blmayl9y+Irp4YsaWIgDc1tzVvGXMznAEkGQ5pauaMR6jPUw1ax4MF\nhp0T4WVfs+PdBKbrieArbmDhYaSfhTOWtkJuGhgt7j5iR5Oe/uixKs/qOzVU8aWP\nKO4X4d9uMD6HvpOLeC+BJPECAwEAAQ==\n-----END PUBLIC KEY-----\n",
            "rsa_bits": 4096
          },
          "sensitive_attributes": []
        }
      ]
    },
    {
      "module": "module.vpc",
      "mode": "managed",
      "type": "aws_eip",
      "name": "nat",
      "provider": "provider[\"registry.terraform.io/hashicorp/aws\"]",
      "instances": [
        {
          "index_key": 0,
          "schema_version": 0,
          "attributes": {
            "address": null,
            "allocation_id": "eipalloc-03ec4c891556ee048",
            "associate_with_private_ip": null,
            "association_id": "",
            "carrier_ip": "",
            "customer_owned_ip": "",
            "customer_owned_ipv4_pool": "",
            "domain": "vpc",
            "id": "eipalloc-03ec4c891556ee048",
            "instance": "",
            "network_border_group": "us-east-2",
            "network_interface": "",
            "private_dns": null,
            "private_ip": "",
            "public_dns": "ec2-52-14-127-83.us-east-2.compute.amazonaws.com",
            "public_ip": "52.14.127.83",
            "public_ipv4_pool": "amazon",
            "tags": {
              "Example": "ex-ec2",
              "GithubOrg": "terraform-aws-modules",
              "GithubRepo": "terraform-aws-vpc",
              "Name": "ex-ec2-us-east-2a"
            },
            "tags_all": {
              "Example": "ex-ec2",
              "GithubOrg": "terraform-aws-modules",
              "GithubRepo": "terraform-aws-vpc",
              "Name": "ex-ec2-us-east-2a"
            },
            "timeouts": null,
            "vpc": true
          },
          "sensitive_attributes": [],
          "private": "eyJlMmJmYjczMC1lY2FhLTExZTYtOGY4OC0zNDM2M2JjN2M0YzAiOnsiZGVsZXRlIjoxODAwMDAwMDAwMDAsInJlYWQiOjkwMDAwMDAwMDAwMCwidXBkYXRlIjozMDAwMDAwMDAwMDB9fQ==",
          "dependencies": [
            "data.aws_availability_zones.available",
            "module.vpc.aws_internet_gateway.this",
            "module.vpc.aws_vpc.this",
            "module.vpc.aws_vpc_ipv4_cidr_block_association.this"
          ]
        }
      ]
    },
    {
      "module": "module.vpc",
      "mode": "managed",
      "type": "aws_internet_gateway",
      "name": "this",
      "provider": "provider[\"registry.terraform.io/hashicorp/aws\"]",
      "instances": [
        {
          "index_key": 0,
          "schema_version": 0,
          "attributes": {
            "arn": "arn:aws:ec2:us-east-2:588459062833:internet-gateway/igw-0c365e1d2b0bff747",
            "id": "igw-0c365e1d2b0bff747",
            "owner_id": "588459062833",
            "tags": {
              "Example": "ex-ec2",
              "GithubOrg": "terraform-aws-modules",
              "GithubRepo": "terraform-aws-vpc",
              "Name": "ex-ec2"
            },
            "tags_all": {
              "Example": "ex-ec2",
              "GithubOrg": "terraform-aws-modules",
              "GithubRepo": "terraform-aws-vpc",
              "Name": "ex-ec2"
            },
            "timeouts": null,
            "vpc_id": "vpc-0838e94104e634ea6"
          },
          "sensitive_attributes": [],
          "private": "eyJlMmJmYjczMC1lY2FhLTExZTYtOGY4OC0zNDM2M2JjN2M0YzAiOnsiY3JlYXRlIjoxMjAwMDAwMDAwMDAwLCJkZWxldGUiOjEyMDAwMDAwMDAwMDAsInVwZGF0ZSI6MTIwMDAwMDAwMDAwMH19",
          "dependencies": [
            "data.aws_availability_zones.available",
            "module.vpc.aws_vpc.this",
            "module.vpc.aws_vpc_ipv4_cidr_block_association.this"
          ]
        }
      ]
    },
    {
      "module": "module.vpc",
      "mode": "managed",
      "type": "aws_nat_gateway",
      "name": "this",
      "provider": "provider[\"registry.terraform.io/hashicorp/aws\"]",
      "instances": [
        {
          "index_key": 0,
          "schema_version": 0,
          "attributes": {
            "allocation_id": "eipalloc-03ec4c891556ee048",
            "association_id": "eipassoc-018e67ef6be5bdc23",
            "connectivity_type": "public",
            "id": "nat-0da2e59e073b2de03",
            "network_interface_id": "eni-0ff7187eb2adbbb8e",
            "private_ip": "10.0.4.52",
            "public_ip": "52.14.127.83",
            "secondary_allocation_ids": null,
            "secondary_private_ip_address_count": 0,
            "secondary_private_ip_addresses": [],
            "subnet_id": "subnet-0deee8c4102ba9f06",
            "tags": {
              "Example": "ex-ec2",
              "GithubOrg": "terraform-aws-modules",
              "GithubRepo": "terraform-aws-vpc",
              "Name": "ex-ec2-us-east-2a"
            },
            "tags_all": {
              "Example": "ex-ec2",
              "GithubOrg": "terraform-aws-modules",
              "GithubRepo": "terraform-aws-vpc",
              "Name": "ex-ec2-us-east-2a"
            },
            "timeouts": null
          },
          "sensitive_attributes": [],
          "private": "eyJlMmJmYjczMC1lY2FhLTExZTYtOGY4OC0zNDM2M2JjN2M0YzAiOnsiY3JlYXRlIjo2MDAwMDAwMDAwMDAsImRlbGV0ZSI6MTgwMDAwMDAwMDAwMCwidXBkYXRlIjo2MDAwMDAwMDAwMDB9fQ==",
          "dependencies": [
            "data.aws_availability_zones.available",
            "module.vpc.aws_eip.nat",
            "module.vpc.aws_internet_gateway.this",
            "module.vpc.aws_subnet.public",
            "module.vpc.aws_vpc.this",
            "module.vpc.aws_vpc_ipv4_cidr_block_association.this"
          ]
        }
      ]
    },
    {
      "module": "module.vpc",
      "mode": "managed",
      "type": "aws_route",
      "name": "private_nat_gateway",
      "provider": "provider[\"registry.terraform.io/hashicorp/aws\"]",
      "instances": [
        {
          "index_key": 0,
          "schema_version": 0,
          "attributes": {
            "carrier_gateway_id": "",
            "core_network_arn": "",
            "destination_cidr_block": "0.0.0.0/0",
            "destination_ipv6_cidr_block": "",
            "destination_prefix_list_id": "",
            "egress_only_gateway_id": "",
            "gateway_id": "",
            "id": "r-rtb-0ec0629f9cb71ab761080289494",
            "instance_id": "",
            "instance_owner_id": "",
            "local_gateway_id": "",
            "nat_gateway_id": "nat-0da2e59e073b2de03",
            "network_interface_id": "",
            "origin": "CreateRoute",
            "route_table_id": "rtb-0ec0629f9cb71ab76",
            "state": "active",
            "timeouts": {
              "create": "5m",
              "delete": null,
              "update": null
            },
            "transit_gateway_id": "",
            "vpc_endpoint_id": "",
            "vpc_peering_connection_id": ""
          },
          "sensitive_attributes": [],
          "private": "eyJlMmJmYjczMC1lY2FhLTExZTYtOGY4OC0zNDM2M2JjN2M0YzAiOnsiY3JlYXRlIjozMDAwMDAwMDAwMDAsImRlbGV0ZSI6MzAwMDAwMDAwMDAwLCJ1cGRhdGUiOjEyMDAwMDAwMDAwMH19",
          "dependencies": [
            "data.aws_availability_zones.available",
            "module.vpc.aws_eip.nat",
            "module.vpc.aws_internet_gateway.this",
            "module.vpc.aws_nat_gateway.this",
            "module.vpc.aws_route_table.private",
            "module.vpc.aws_subnet.public",
            "module.vpc.aws_vpc.this",
            "module.vpc.aws_vpc_ipv4_cidr_block_association.this"
          ]
        }
      ]
    },
    {
      "module": "module.vpc",
      "mode": "managed",
      "type": "aws_route",
      "name": "public_internet_gateway",
      "provider": "provider[\"registry.terraform.io/hashicorp/aws\"]",
      "instances": [
        {
          "index_key": 0,
          "schema_version": 0,
          "attributes": {
            "carrier_gateway_id": "",
            "core_network_arn": "",
            "destination_cidr_block": "0.0.0.0/0",
            "destination_ipv6_cidr_block": "",
            "destination_prefix_list_id": "",
            "egress_only_gateway_id": "",
            "gateway_id": "igw-0c365e1d2b0bff747",
            "id": "r-rtb-01d9df8c3cc3bc0c91080289494",
            "instance_id": "",
            "instance_owner_id": "",
            "local_gateway_id": "",
            "nat_gateway_id": "",
            "network_interface_id": "",
            "origin": "CreateRoute",
            "route_table_id": "rtb-01d9df8c3cc3bc0c9",
            "state": "active",
            "timeouts": {
              "create": "5m",
              "delete": null,
              "update": null
            },
            "transit_gateway_id": "",
            "vpc_endpoint_id": "",
            "vpc_peering_connection_id": ""
          },
          "sensitive_attributes": [],
          "private": "eyJlMmJmYjczMC1lY2FhLTExZTYtOGY4OC0zNDM2M2JjN2M0YzAiOnsiY3JlYXRlIjozMDAwMDAwMDAwMDAsImRlbGV0ZSI6MzAwMDAwMDAwMDAwLCJ1cGRhdGUiOjEyMDAwMDAwMDAwMH19",
          "dependencies": [
            "data.aws_availability_zones.available",
            "module.vpc.aws_internet_gateway.this",
            "module.vpc.aws_route_table.public",
            "module.vpc.aws_vpc.this",
            "module.vpc.aws_vpc_ipv4_cidr_block_association.this"
          ]
        }
      ]
    },
    {
      "module": "module.vpc",
      "mode": "managed",
      "type": "aws_route_table",
      "name": "private",
      "provider": "provider[\"registry.terraform.io/hashicorp/aws\"]",
      "instances": [
        {
          "index_key": 0,
          "schema_version": 0,
          "attributes": {
            "arn": "arn:aws:ec2:us-east-2:588459062833:route-table/rtb-0ec0629f9cb71ab76",
            "id": "rtb-0ec0629f9cb71ab76",
            "owner_id": "588459062833",
            "propagating_vgws": [],
            "route": [],
            "tags": {
              "Example": "ex-ec2",
              "GithubOrg": "terraform-aws-modules",
              "GithubRepo": "terraform-aws-vpc",
              "Name": "ex-ec2-private"
            },
            "tags_all": {
              "Example": "ex-ec2",
              "GithubOrg": "terraform-aws-modules",
              "GithubRepo": "terraform-aws-vpc",
              "Name": "ex-ec2-private"
            },
            "timeouts": null,
            "vpc_id": "vpc-0838e94104e634ea6"
          },
          "sensitive_attributes": [],
          "private": "eyJlMmJmYjczMC1lY2FhLTExZTYtOGY4OC0zNDM2M2JjN2M0YzAiOnsiY3JlYXRlIjozMDAwMDAwMDAwMDAsImRlbGV0ZSI6MzAwMDAwMDAwMDAwLCJ1cGRhdGUiOjEyMDAwMDAwMDAwMH19",
          "dependencies": [
            "data.aws_availability_zones.available",
            "module.vpc.aws_vpc.this",
            "module.vpc.aws_vpc_ipv4_cidr_block_association.this"
          ]
        }
      ]
    },
    {
      "module": "module.vpc",
      "mode": "managed",
      "type": "aws_route_table",
      "name": "public",
      "provider": "provider[\"registry.terraform.io/hashicorp/aws\"]",
      "instances": [
        {
          "index_key": 0,
          "schema_version": 0,
          "attributes": {
            "arn": "arn:aws:ec2:us-east-2:588459062833:route-table/rtb-01d9df8c3cc3bc0c9",
            "id": "rtb-01d9df8c3cc3bc0c9",
            "owner_id": "588459062833",
            "propagating_vgws": [],
            "route": [],
            "tags": {
              "Example": "ex-ec2",
              "GithubOrg": "terraform-aws-modules",
              "GithubRepo": "terraform-aws-vpc",
              "Name": "ex-ec2-public"
            },
            "tags_all": {
              "Example": "ex-ec2",
              "GithubOrg": "terraform-aws-modules",
              "GithubRepo": "terraform-aws-vpc",
              "Name": "ex-ec2-public"
            },
            "timeouts": null,
            "vpc_id": "vpc-0838e94104e634ea6"
          },
          "sensitive_attributes": [],
          "private": "eyJlMmJmYjczMC1lY2FhLTExZTYtOGY4OC0zNDM2M2JjN2M0YzAiOnsiY3JlYXRlIjozMDAwMDAwMDAwMDAsImRlbGV0ZSI6MzAwMDAwMDAwMDAwLCJ1cGRhdGUiOjEyMDAwMDAwMDAwMH19",
          "dependencies": [
            "data.aws_availability_zones.available",
            "module.vpc.aws_vpc.this",
            "module.vpc.aws_vpc_ipv4_cidr_block_association.this"
          ]
        }
      ]
    },
    {
      "module": "module.vpc",
      "mode": "managed",
      "type": "aws_route_table_association",
      "name": "private",
      "provider": "provider[\"registry.terraform.io/hashicorp/aws\"]",
      "instances": [
        {
          "index_key": 0,
          "schema_version": 0,
          "attributes": {
            "gateway_id": "",
            "id": "rtbassoc-03efd0e6730bb259b",
            "route_table_id": "rtb-0ec0629f9cb71ab76",
            "subnet_id": "subnet-089c0ed5d8ef6c330",
            "timeouts": null
          },
          "sensitive_attributes": [],
          "private": "eyJlMmJmYjczMC1lY2FhLTExZTYtOGY4OC0zNDM2M2JjN2M0YzAiOnsiY3JlYXRlIjozMDAwMDAwMDAwMDAsImRlbGV0ZSI6MzAwMDAwMDAwMDAwLCJ1cGRhdGUiOjEyMDAwMDAwMDAwMH19",
          "dependencies": [
            "data.aws_availability_zones.available",
            "module.vpc.aws_route_table.private",
            "module.vpc.aws_subnet.private",
            "module.vpc.aws_vpc.this",
            "module.vpc.aws_vpc_ipv4_cidr_block_association.this"
          ]
        },
        {
          "index_key": 1,
          "schema_version": 0,
          "attributes": {
            "gateway_id": "",
            "id": "rtbassoc-0b5a60ab1077b7af3",
            "route_table_id": "rtb-0ec0629f9cb71ab76",
            "subnet_id": "subnet-02bcd1b99f5ac3d0a",
            "timeouts": null
          },
          "sensitive_attributes": [],
          "private": "eyJlMmJmYjczMC1lY2FhLTExZTYtOGY4OC0zNDM2M2JjN2M0YzAiOnsiY3JlYXRlIjozMDAwMDAwMDAwMDAsImRlbGV0ZSI6MzAwMDAwMDAwMDAwLCJ1cGRhdGUiOjEyMDAwMDAwMDAwMH19",
          "dependencies": [
            "data.aws_availability_zones.available",
            "module.vpc.aws_route_table.private",
            "module.vpc.aws_subnet.private",
            "module.vpc.aws_vpc.this",
            "module.vpc.aws_vpc_ipv4_cidr_block_association.this"
          ]
        }
      ]
    },
    {
      "module": "module.vpc",
      "mode": "managed",
      "type": "aws_route_table_association",
      "name": "public",
      "provider": "provider[\"registry.terraform.io/hashicorp/aws\"]",
      "instances": [
        {
          "index_key": 0,
          "schema_version": 0,
          "attributes": {
            "gateway_id": "",
            "id": "rtbassoc-049b283d6aa762cbb",
            "route_table_id": "rtb-01d9df8c3cc3bc0c9",
            "subnet_id": "subnet-0deee8c4102ba9f06",
            "timeouts": null
          },
          "sensitive_attributes": [],
          "private": "eyJlMmJmYjczMC1lY2FhLTExZTYtOGY4OC0zNDM2M2JjN2M0YzAiOnsiY3JlYXRlIjozMDAwMDAwMDAwMDAsImRlbGV0ZSI6MzAwMDAwMDAwMDAwLCJ1cGRhdGUiOjEyMDAwMDAwMDAwMH19",
          "dependencies": [
            "data.aws_availability_zones.available",
            "module.vpc.aws_route_table.public",
            "module.vpc.aws_subnet.public",
            "module.vpc.aws_vpc.this",
            "module.vpc.aws_vpc_ipv4_cidr_block_association.this"
          ]
        },
        {
          "index_key": 1,
          "schema_version": 0,
          "attributes": {
            "gateway_id": "",
            "id": "rtbassoc-096e7a3121ce59cba",
            "route_table_id": "rtb-01d9df8c3cc3bc0c9",
            "subnet_id": "subnet-0c8d4f2c3dab3b8cc",
            "timeouts": null
          },
          "sensitive_attributes": [],
          "private": "eyJlMmJmYjczMC1lY2FhLTExZTYtOGY4OC0zNDM2M2JjN2M0YzAiOnsiY3JlYXRlIjozMDAwMDAwMDAwMDAsImRlbGV0ZSI6MzAwMDAwMDAwMDAwLCJ1cGRhdGUiOjEyMDAwMDAwMDAwMH19",
          "dependencies": [
            "data.aws_availability_zones.available",
            "module.vpc.aws_route_table.public",
            "module.vpc.aws_subnet.public",
            "module.vpc.aws_vpc.this",
            "module.vpc.aws_vpc_ipv4_cidr_block_association.this"
          ]
        }
      ]
    },
    {
      "module": "module.vpc",
      "mode": "managed",
      "type": "aws_subnet",
      "name": "private",
      "provider": "provider[\"registry.terraform.io/hashicorp/aws\"]",
      "instances": [
        {
          "index_key": 0,
          "schema_version": 1,
          "attributes": {
            "arn": "arn:aws:ec2:us-east-2:588459062833:subnet/subnet-089c0ed5d8ef6c330",
            "assign_ipv6_address_on_creation": false,
            "availability_zone": "us-east-2a",
            "availability_zone_id": "use2-az1",
            "cidr_block": "10.0.0.0/24",
            "customer_owned_ipv4_pool": "",
            "enable_dns64": false,
            "enable_lni_at_device_index": 0,
            "enable_resource_name_dns_a_record_on_launch": false,
            "enable_resource_name_dns_aaaa_record_on_launch": false,
            "id": "subnet-089c0ed5d8ef6c330",
            "ipv6_cidr_block": "",
            "ipv6_cidr_block_association_id": "",
            "ipv6_native": false,
            "map_customer_owned_ip_on_launch": false,
            "map_public_ip_on_launch": false,
            "outpost_arn": "",
            "owner_id": "588459062833",
            "private_dns_hostname_type_on_launch": "ip-name",
            "tags": {
              "Example": "ex-ec2",
              "GithubOrg": "terraform-aws-modules",
              "GithubRepo": "terraform-aws-vpc",
              "Name": "ex-ec2-private-us-east-2a"
            },
            "tags_all": {
              "Example": "ex-ec2",
              "GithubOrg": "terraform-aws-modules",
              "GithubRepo": "terraform-aws-vpc",
              "Name": "ex-ec2-private-us-east-2a"
            },
            "timeouts": null,
            "vpc_id": "vpc-0838e94104e634ea6"
          },
          "sensitive_attributes": [],
          "private": "eyJlMmJmYjczMC1lY2FhLTExZTYtOGY4OC0zNDM2M2JjN2M0YzAiOnsiY3JlYXRlIjo2MDAwMDAwMDAwMDAsImRlbGV0ZSI6MTIwMDAwMDAwMDAwMH0sInNjaGVtYV92ZXJzaW9uIjoiMSJ9",
          "dependencies": [
            "data.aws_availability_zones.available",
            "module.vpc.aws_vpc.this",
            "module.vpc.aws_vpc_ipv4_cidr_block_association.this"
          ]
        },
        {
          "index_key": 1,
          "schema_version": 1,
          "attributes": {
            "arn": "arn:aws:ec2:us-east-2:588459062833:subnet/subnet-02bcd1b99f5ac3d0a",
            "assign_ipv6_address_on_creation": false,
            "availability_zone": "us-east-2b",
            "availability_zone_id": "use2-az2",
            "cidr_block": "10.0.1.0/24",
            "customer_owned_ipv4_pool": "",
            "enable_dns64": false,
            "enable_lni_at_device_index": 0,
            "enable_resource_name_dns_a_record_on_launch": false,
            "enable_resource_name_dns_aaaa_record_on_launch": false,
            "id": "subnet-02bcd1b99f5ac3d0a",
            "ipv6_cidr_block": "",
            "ipv6_cidr_block_association_id": "",
            "ipv6_native": false,
            "map_customer_owned_ip_on_launch": false,
            "map_public_ip_on_launch": false,
            "outpost_arn": "",
            "owner_id": "588459062833",
            "private_dns_hostname_type_on_launch": "ip-name",
            "tags": {
              "Example": "ex-ec2",
              "GithubOrg": "terraform-aws-modules",
              "GithubRepo": "terraform-aws-vpc",
              "Name": "ex-ec2-private-us-east-2b"
            },
            "tags_all": {
              "Example": "ex-ec2",
              "GithubOrg": "terraform-aws-modules",
              "GithubRepo": "terraform-aws-vpc",
              "Name": "ex-ec2-private-us-east-2b"
            },
            "timeouts": null,
            "vpc_id": "vpc-0838e94104e634ea6"
          },
          "sensitive_attributes": [],
          "private": "eyJlMmJmYjczMC1lY2FhLTExZTYtOGY4OC0zNDM2M2JjN2M0YzAiOnsiY3JlYXRlIjo2MDAwMDAwMDAwMDAsImRlbGV0ZSI6MTIwMDAwMDAwMDAwMH0sInNjaGVtYV92ZXJzaW9uIjoiMSJ9",
          "dependencies": [
            "data.aws_availability_zones.available",
            "module.vpc.aws_vpc.this",
            "module.vpc.aws_vpc_ipv4_cidr_block_association.this"
          ]
        }
      ]
    },
    {
      "module": "module.vpc",
      "mode": "managed",
      "type": "aws_subnet",
      "name": "public",
      "provider": "provider[\"registry.terraform.io/hashicorp/aws\"]",
      "instances": [
        {
          "index_key": 0,
          "schema_version": 1,
          "attributes": {
            "arn": "arn:aws:ec2:us-east-2:588459062833:subnet/subnet-0deee8c4102ba9f06",
            "assign_ipv6_address_on_creation": false,
            "availability_zone": "us-east-2a",
            "availability_zone_id": "use2-az1",
            "cidr_block": "10.0.4.0/24",
            "customer_owned_ipv4_pool": "",
            "enable_dns64": false,
            "enable_lni_at_device_index": 0,
            "enable_resource_name_dns_a_record_on_launch": false,
            "enable_resource_name_dns_aaaa_record_on_launch": false,
            "id": "subnet-0deee8c4102ba9f06",
            "ipv6_cidr_block": "",
            "ipv6_cidr_block_association_id": "",
            "ipv6_native": false,
            "map_customer_owned_ip_on_launch": false,
            "map_public_ip_on_launch": false,
            "outpost_arn": "",
            "owner_id": "588459062833",
            "private_dns_hostname_type_on_launch": "ip-name",
            "tags": {
              "Example": "ex-ec2",
              "GithubOrg": "terraform-aws-modules",
              "GithubRepo": "terraform-aws-vpc",
              "Name": "ex-ec2-public-us-east-2a"
            },
            "tags_all": {
              "Example": "ex-ec2",
              "GithubOrg": "terraform-aws-modules",
              "GithubRepo": "terraform-aws-vpc",
              "Name": "ex-ec2-public-us-east-2a"
            },
            "timeouts": null,
            "vpc_id": "vpc-0838e94104e634ea6"
          },
          "sensitive_attributes": [],
          "private": "eyJlMmJmYjczMC1lY2FhLTExZTYtOGY4OC0zNDM2M2JjN2M0YzAiOnsiY3JlYXRlIjo2MDAwMDAwMDAwMDAsImRlbGV0ZSI6MTIwMDAwMDAwMDAwMH0sInNjaGVtYV92ZXJzaW9uIjoiMSJ9",
          "dependencies": [
            "data.aws_availability_zones.available",
            "module.vpc.aws_vpc.this",
            "module.vpc.aws_vpc_ipv4_cidr_block_association.this"
          ]
        },
        {
          "index_key": 1,
          "schema_version": 1,
          "attributes": {
            "arn": "arn:aws:ec2:us-east-2:588459062833:subnet/subnet-0c8d4f2c3dab3b8cc",
            "assign_ipv6_address_on_creation": false,
            "availability_zone": "us-east-2b",
            "availability_zone_id": "use2-az2",
            "cidr_block": "10.0.5.0/24",
            "customer_owned_ipv4_pool": "",
            "enable_dns64": false,
            "enable_lni_at_device_index": 0,
            "enable_resource_name_dns_a_record_on_launch": false,
            "enable_resource_name_dns_aaaa_record_on_launch": false,
            "id": "subnet-0c8d4f2c3dab3b8cc",
            "ipv6_cidr_block": "",
            "ipv6_cidr_block_association_id": "",
            "ipv6_native": false,
            "map_customer_owned_ip_on_launch": false,
            "map_public_ip_on_launch": false,
            "outpost_arn": "",
            "owner_id": "588459062833",
            "private_dns_hostname_type_on_launch": "ip-name",
            "tags": {
              "Example": "ex-ec2",
              "GithubOrg": "terraform-aws-modules",
              "GithubRepo": "terraform-aws-vpc",
              "Name": "ex-ec2-public-us-east-2b"
            },
            "tags_all": {
              "Example": "ex-ec2",
              "GithubOrg": "terraform-aws-modules",
              "GithubRepo": "terraform-aws-vpc",
              "Name": "ex-ec2-public-us-east-2b"
            },
            "timeouts": null,
            "vpc_id": "vpc-0838e94104e634ea6"
          },
          "sensitive_attributes": [],
          "private": "eyJlMmJmYjczMC1lY2FhLTExZTYtOGY4OC0zNDM2M2JjN2M0YzAiOnsiY3JlYXRlIjo2MDAwMDAwMDAwMDAsImRlbGV0ZSI6MTIwMDAwMDAwMDAwMH0sInNjaGVtYV92ZXJzaW9uIjoiMSJ9",
          "dependencies": [
            "data.aws_availability_zones.available",
            "module.vpc.aws_vpc.this",
            "module.vpc.aws_vpc_ipv4_cidr_block_association.this"
          ]
        }
      ]
    },
    {
      "module": "module.vpc",
      "mode": "managed",
      "type": "aws_vpc",
      "name": "this",
      "provider": "provider[\"registry.terraform.io/hashicorp/aws\"]",
      "instances": [
        {
          "index_key": 0,
          "schema_version": 1,
          "attributes": {
            "arn": "arn:aws:ec2:us-east-2:588459062833:vpc/vpc-0838e94104e634ea6",
            "assign_generated_ipv6_cidr_block": false,
            "cidr_block": "10.0.0.0/16",
            "default_network_acl_id": "acl-0ad63176367e058da",
            "default_route_table_id": "rtb-0b5a292ca360def07",
            "default_security_group_id": "sg-0bb174c27c9680441",
            "dhcp_options_id": "dopt-04523dbfd9cde0a80",
            "enable_dns_hostnames": true,
            "enable_dns_support": true,
            "enable_network_address_usage_metrics": false,
            "id": "vpc-0838e94104e634ea6",
            "instance_tenancy": "default",
            "ipv4_ipam_pool_id": null,
            "ipv4_netmask_length": null,
            "ipv6_association_id": "",
            "ipv6_cidr_block": "",
            "ipv6_cidr_block_network_border_group": "",
            "ipv6_ipam_pool_id": "",
            "ipv6_netmask_length": 0,
            "main_route_table_id": "rtb-0b5a292ca360def07",
            "owner_id": "588459062833",
            "tags": {
              "Example": "ex-ec2",
              "GithubOrg": "terraform-aws-modules",
              "GithubRepo": "terraform-aws-vpc",
              "Name": "ex-ec2"
            },
            "tags_all": {
              "Example": "ex-ec2",
              "GithubOrg": "terraform-aws-modules",
              "GithubRepo": "terraform-aws-vpc",
              "Name": "ex-ec2"
            }
          },
          "sensitive_attributes": [],
          "private": "eyJzY2hlbWFfdmVyc2lvbiI6IjEifQ=="
        }
      ]
    }
  ],
  "check_results": null
}
