{
  "version": 4,
  "terraform_version": "1.5.6",
  "serial": 6,
  "lineage": "64d67357-dd0d-1dcb-b1e0-9548971cee8b",
  "outputs": {},
  "resources": [
    {
      "mode": "managed",
      "type": "aws_s3_bucket",
      "name": "quarterly",
      "provider": "provider[\"registry.terraform.io/hashicorp/aws\"]",
      "instances": [
        {
          "schema_version": 0,
          "attributes": {
            "acceleration_status": "",
            "acl": null,
            "arn": "arn:aws:s3:::my-learning-s3-bucket-quarterly",
            "bucket": "my-learning-s3-bucket-quarterly",
            "bucket_domain_name": "my-learning-s3-bucket-quarterly.s3.amazonaws.com",
            "bucket_prefix": "",
            "bucket_regional_domain_name": "my-learning-s3-bucket-quarterly.s3.us-east-1.amazonaws.com",
            "cors_rule": [],
            "force_destroy": false,
            "grant": [
              {
                "id": "375efd2115f7b12d45d680c938147fe2c818f1c44700e71387fc25d6d4ac28b9",
                "permissions": [
                  "FULL_CONTROL"
                ],
                "type": "CanonicalUser",
                "uri": ""
              }
            ],
            "hosted_zone_id": "Z3AQBSTGFYJSTF",
            "id": "my-learning-s3-bucket-quarterly",
            "lifecycle_rule": [
              {
                "abort_incomplete_multipart_upload_days": 0,
                "enabled": true,
                "expiration": [
                  {
                    "date": "",
                    "days": 90,
                    "expired_object_delete_marker": false
                  }
                ],
                "id": "log",
                "noncurrent_version_expiration": [],
                "noncurrent_version_transition": [],
                "prefix": "log/",
                "tags": {
                  "autoclean": "true",
                  "rule": "log"
                },
                "transition": [
                  {
                    "date": "",
                    "days": 30,
                    "storage_class": "STANDARD_IA"
                  },
                  {
                    "date": "",
                    "days": 60,
                    "storage_class": "GLACIER"
                  }
                ]
              },
              {
                "abort_incomplete_multipart_upload_days": 0,
                "enabled": true,
                "expiration": [
                  {
                    "date": "2024-01-13",
                    "days": 0,
                    "expired_object_delete_marker": false
                  }
                ],
                "id": "tmp",
                "noncurrent_version_expiration": [],
                "noncurrent_version_transition": [],
                "prefix": "tmp/",
                "tags": {},
                "transition": []
              }
            ],
            "logging": [],
            "object_lock_configuration": [],
            "object_lock_enabled": false,
            "policy": "",
            "region": "us-east-1",
            "replication_configuration": [],
            "request_payer": "BucketOwner",
            "server_side_encryption_configuration": [
              {
                "rule": [
                  {
                    "apply_server_side_encryption_by_default": [
                      {
                        "kms_master_key_id": "",
                        "sse_algorithm": "AES256"
                      }
                    ],
                    "bucket_key_enabled": false
                  }
                ]
              }
            ],
            "tags": {},
            "tags_all": {},
            "timeouts": null,
            "versioning": [
              {
                "enabled": true,
                "mfa_delete": false
              }
            ],
            "website": [],
            "website_domain": null,
            "website_endpoint": null
          },
          "sensitive_attributes": [],
          "private": "eyJlMmJmYjczMC1lY2FhLTExZTYtOGY4OC0zNDM2M2JjN2M0YzAiOnsiY3JlYXRlIjoxMjAwMDAwMDAwMDAwLCJkZWxldGUiOjM2MDAwMDAwMDAwMDAsInJlYWQiOjEyMDAwMDAwMDAwMDAsInVwZGF0ZSI6MTIwMDAwMDAwMDAwMH19"
        }
      ]
    },
    {
      "mode": "managed",
      "type": "aws_s3_bucket_lifecycle_configuration",
      "name": "quarterly_lifecycle_config",
      "provider": "provider[\"registry.terraform.io/hashicorp/aws\"]",
      "instances": [
        {
          "schema_version": 0,
          "attributes": {
            "bucket": "my-learning-s3-bucket-quarterly",
            "expected_bucket_owner": "",
            "id": "my-learning-s3-bucket-quarterly",
            "rule": [
              {
                "abort_incomplete_multipart_upload": [],
                "expiration": [
                  {
                    "date": "",
                    "days": 90,
                    "expired_object_delete_marker": false
                  }
                ],
                "filter": [
                  {
                    "and": [
                      {
                        "object_size_greater_than": 0,
                        "object_size_less_than": 0,
                        "prefix": "log/",
                        "tags": {
                          "autoclean": "true",
                          "rule": "log"
                        }
                      }
                    ],
                    "object_size_greater_than": "",
                    "object_size_less_than": "",
                    "prefix": "",
                    "tag": []
                  }
                ],
                "id": "log",
                "noncurrent_version_expiration": [],
                "noncurrent_version_transition": [],
                "prefix": "",
                "status": "Enabled",
                "transition": [
                  {
                    "date": "",
                    "days": 30,
                    "storage_class": "STANDARD_IA"
                  },
                  {
                    "date": "",
                    "days": 60,
                    "storage_class": "GLACIER"
                  }
                ]
              },
              {
                "abort_incomplete_multipart_upload": [],
                "expiration": [
                  {
                    "date": "2024-01-13T00:00:00Z",
                    "days": 0,
                    "expired_object_delete_marker": false
                  }
                ],
                "filter": [
                  {
                    "and": [],
                    "object_size_greater_than": "",
                    "object_size_less_than": "",
                    "prefix": "tmp/",
                    "tag": []
                  }
                ],
                "id": "tmp",
                "noncurrent_version_expiration": [],
                "noncurrent_version_transition": [],
                "prefix": "",
                "status": "Enabled",
                "transition": []
              }
            ]
          },
          "sensitive_attributes": [],
          "private": "bnVsbA==",
          "dependencies": [
            "aws_s3_bucket.quarterly"
          ]
        }
      ]
    },
    {
      "mode": "managed",
      "type": "aws_s3_bucket_versioning",
      "name": "quarterly_version",
      "provider": "provider[\"registry.terraform.io/hashicorp/aws\"]",
      "instances": [
        {
          "schema_version": 0,
          "attributes": {
            "bucket": "my-learning-s3-bucket-quarterly",
            "expected_bucket_owner": "",
            "id": "my-learning-s3-bucket-quarterly",
            "mfa": null,
            "versioning_configuration": [
              {
                "mfa_delete": "",
                "status": "Enabled"
              }
            ]
          },
          "sensitive_attributes": [],
          "private": "bnVsbA==",
          "dependencies": [
            "aws_s3_bucket.quarterly"
          ]
        }
      ]
    }
  ],
  "check_results": null
}
