{
  "version": 4,
  "terraform_version": "1.5.6",
  "serial": 8,
  "lineage": "217772b9-c8ae-5ac8-201d-59db9d874eaf",
  "outputs": {
    "kms_key_alias": {
      "value": "alias/my-alias-name",
      "type": "string"
    }
  },
  "resources": [
    {
      "mode": "managed",
      "type": "aws_kms_alias",
      "name": "my_kms_alias",
      "provider": "provider[\"registry.terraform.io/hashicorp/aws\"]",
      "instances": [
        {
          "schema_version": 0,
          "attributes": {
            "arn": "arn:aws:kms:us-east-1:588459062833:alias/my-alias-name",
            "id": "alias/my-alias-name",
            "name": "alias/my-alias-name",
            "name_prefix": "",
            "target_key_arn": "arn:aws:kms:us-east-1:588459062833:key/83cafec5-e486-469f-8639-d4f4702f510c",
            "target_key_id": "83cafec5-e486-469f-8639-d4f4702f510c"
          },
          "sensitive_attributes": [],
          "private": "bnVsbA==",
          "dependencies": [
            "aws_kms_key.my_kms_key"
          ]
        }
      ]
    },
    {
      "mode": "managed",
      "type": "aws_kms_key",
      "name": "my_kms_key",
      "provider": "provider[\"registry.terraform.io/hashicorp/aws\"]",
      "instances": [
        {
          "schema_version": 0,
          "attributes": {
            "arn": "arn:aws:kms:us-east-1:588459062833:key/83cafec5-e486-469f-8639-d4f4702f510c",
            "bypass_policy_lockout_safety_check": false,
            "custom_key_store_id": "",
            "customer_master_key_spec": "SYMMETRIC_DEFAULT",
            "deletion_window_in_days": null,
            "description": "Key for EBS encryption",
            "enable_key_rotation": true,
            "id": "83cafec5-e486-469f-8639-d4f4702f510c",
            "is_enabled": true,
            "key_id": "83cafec5-e486-469f-8639-d4f4702f510c",
            "key_usage": "ENCRYPT_DECRYPT",
            "multi_region": false,
            "policy": "{\"Id\":\"key-default-1\",\"Statement\":[{\"Action\":\"kms:*\",\"Effect\":\"Allow\",\"Principal\":{\"AWS\":\"arn:aws:iam::588459062833:root\"},\"Resource\":\"*\",\"Sid\":\"Enable IAM User Permissions\"}],\"Version\":\"2012-10-17\"}",
            "tags": null,
            "tags_all": {},
            "timeouts": null
          },
          "sensitive_attributes": [],
          "private": "eyJlMmJmYjczMC1lY2FhLTExZTYtOGY4OC0zNDM2M2JjN2M0YzAiOnsiY3JlYXRlIjoxMjAwMDAwMDAwMDB9fQ=="
        }
      ]
    },
    {
      "mode": "managed",
      "type": "local_file",
      "name": "output_variables",
      "provider": "provider[\"registry.terraform.io/hashicorp/local\"]",
      "instances": [
        {
          "schema_version": 0,
          "attributes": {
            "content": "#!/bin/zsh\n##\n## variables for the shell scripts\n##\nAWS_REGION=\"us-east-1\"\nKMS_KEY_ALIAS=\"alias/my-alias-name\"\n\n\n",
            "content_base64": null,
            "content_base64sha256": "GAO0aBgYNKasMaKxT7Hp90P88QT1dpx8yN9cOu3uH3s=",
            "content_base64sha512": "SbmuQZ7kTrkTnuJ9w580GfQlxMDTh7QOhXaBNGIB59ZYkl9m3Pn8ZYo+sHUoAPzVjNie2RHxCq+hcf/Qfx+Thw==",
            "content_md5": "5a4982bff45c4da4d41d569d5c7560f7",
            "content_sha1": "5e34fd1505a1aa14b4eb149ccde161e0bac686fa",
            "content_sha256": "1803b468181834a6ac31a2b14fb1e9f743fcf104f5769c7cc8df5c3aedee1f7b",
            "content_sha512": "49b9ae419ee44eb9139ee27dc39f3419f425c4c0d387b40e857681346201e7d658925f66dcf9fc658a3eb0752800fcd58cd89ed911f10aafa171ffd07f1f9387",
            "directory_permission": "0777",
            "file_permission": "0777",
            "filename": "./scripts/variables.zsh",
            "id": "5e34fd1505a1aa14b4eb149ccde161e0bac686fa",
            "sensitive_content": null,
            "source": null
          },
          "sensitive_attributes": [],
          "dependencies": [
            "aws_kms_alias.my_kms_alias",
            "aws_kms_key.my_kms_key"
          ]
        }
      ]
    }
  ],
  "check_results": null
}
