{
  "version": 4,
  "terraform_version": "1.5.6",
  "serial": 293,
  "lineage": "e28f8107-f9f5-2f13-24f2-f5d4c653e4d0",
  "outputs": {
    "us_east_2_default_subnet_id": {
      "value": "subnet-010c04e1b994c1bc3",
      "type": "string"
    },
    "us_east_2_default_vpc_id": {
      "value": "vpc-03690dda91a6dba5f",
      "type": "string"
    },
    "us_east_2_public_ip": {
      "value": "3.130.141.114",
      "type": "string"
    },
    "us_west_2_default_subnet_id": {
      "value": "subnet-0745a0ba2ed468356",
      "type": "string"
    },
    "us_west_2_default_vpc_id": {
      "value": "vpc-0cb2111f1f25fcaf6",
      "type": "string"
    },
    "us_west_2_public_ip": {
      "value": "54.68.60.156",
      "type": "string"
    }
  },
  "resources": [
    {
      "mode": "data",
      "type": "aws_route53_zone",
      "name": "selected",
      "provider": "provider[\"registry.terraform.io/hashicorp/aws\"]",
      "instances": [
        {
          "schema_version": 0,
          "attributes": {
            "arn": "arn:aws:route53:::hostedzone/Z01822048PJ6BLFJTP2Y",
            "caller_reference": "772533e9-df12-4908-b86f-67e70b40b6f7",
            "comment": "For POC",
            "id": "Z01822048PJ6BLFJTP2Y",
            "linked_service_description": null,
            "linked_service_principal": null,
            "name": "tribeoffive.info",
            "name_servers": [
              "ns-1202.awsdns-22.org",
              "ns-1902.awsdns-45.co.uk",
              "ns-441.awsdns-55.com",
              "ns-812.awsdns-37.net"
            ],
            "primary_name_server": "ns-1202.awsdns-22.org",
            "private_zone": false,
            "resource_record_set_count": 2,
            "tags": {},
            "vpc_id": null,
            "zone_id": "Z01822048PJ6BLFJTP2Y"
          },
          "sensitive_attributes": []
        }
      ]
    },
    {
      "mode": "managed",
      "type": "aws_route53_health_check",
      "name": "us_east_2",
      "provider": "provider[\"registry.terraform.io/hashicorp/aws\"]",
      "instances": [
        {
          "schema_version": 0,
          "attributes": {
            "arn": "arn:aws:route53:::healthcheck/e83c27ab-0cc6-4d3a-b5a4-03d78af0416a",
            "child_health_threshold": 0,
            "child_healthchecks": null,
            "cloudwatch_alarm_name": null,
            "cloudwatch_alarm_region": null,
            "disabled": false,
            "enable_sni": false,
            "failure_threshold": 5,
            "fqdn": "",
            "id": "e83c27ab-0cc6-4d3a-b5a4-03d78af0416a",
            "insufficient_data_health_status": "",
            "invert_healthcheck": false,
            "ip_address": "3.130.141.114",
            "measure_latency": false,
            "port": 80,
            "reference_name": null,
            "regions": null,
            "request_interval": 30,
            "resource_path": "/",
            "routing_control_arn": "",
            "search_string": "",
            "tags": null,
            "tags_all": {},
            "type": "HTTP"
          },
          "sensitive_attributes": [],
          "private": "bnVsbA==",
          "dependencies": [
            "module.ec2_us_east_2.aws_eip.websrv_eip"
          ]
        }
      ]
    },
    {
      "mode": "managed",
      "type": "aws_route53_health_check",
      "name": "us_west_2",
      "provider": "provider[\"registry.terraform.io/hashicorp/aws\"]",
      "instances": [
        {
          "schema_version": 0,
          "attributes": {
            "arn": "arn:aws:route53:::healthcheck/606634a3-6a17-414b-b984-05046cde75f7",
            "child_health_threshold": 0,
            "child_healthchecks": null,
            "cloudwatch_alarm_name": null,
            "cloudwatch_alarm_region": null,
            "disabled": false,
            "enable_sni": false,
            "failure_threshold": 3,
            "fqdn": "",
            "id": "606634a3-6a17-414b-b984-05046cde75f7",
            "insufficient_data_health_status": "",
            "invert_healthcheck": false,
            "ip_address": "54.68.60.156",
            "measure_latency": false,
            "port": 80,
            "reference_name": null,
            "regions": null,
            "request_interval": 30,
            "resource_path": "/",
            "routing_control_arn": "",
            "search_string": "",
            "tags": null,
            "tags_all": {},
            "type": "HTTP"
          },
          "sensitive_attributes": [],
          "private": "bnVsbA==",
          "dependencies": [
            "module.ec2_us_west_2.aws_eip.websrv_eip"
          ]
        }
      ]
    },
    {
      "mode": "managed",
      "type": "aws_route53_record",
      "name": "us_east_2",
      "provider": "provider[\"registry.terraform.io/hashicorp/aws\"]",
      "instances": [
        {
          "schema_version": 2,
          "attributes": {
            "alias": [],
            "allow_overwrite": null,
            "cidr_routing_policy": [],
            "failover_routing_policy": [
              {
                "type": "PRIMARY"
              }
            ],
            "fqdn": "failover.tribeoffive.info",
            "geolocation_routing_policy": [],
            "health_check_id": "e83c27ab-0cc6-4d3a-b5a4-03d78af0416a",
            "id": "Z01822048PJ6BLFJTP2Y_failover_A_useast2",
            "latency_routing_policy": [],
            "multivalue_answer_routing_policy": false,
            "name": "failover",
            "records": [
              "3.130.141.114"
            ],
            "set_identifier": "useast2",
            "ttl": 60,
            "type": "A",
            "weighted_routing_policy": [],
            "zone_id": "Z01822048PJ6BLFJTP2Y"
          },
          "sensitive_attributes": [],
          "private": "eyJzY2hlbWFfdmVyc2lvbiI6IjIifQ==",
          "dependencies": [
            "aws_route53_health_check.us_east_2",
            "data.aws_route53_zone.selected",
            "module.ec2_us_east_2.aws_eip.websrv_eip"
          ]
        }
      ]
    },
    {
      "mode": "managed",
      "type": "aws_route53_record",
      "name": "us_west_2",
      "provider": "provider[\"registry.terraform.io/hashicorp/aws\"]",
      "instances": [
        {
          "schema_version": 2,
          "attributes": {
            "alias": [],
            "allow_overwrite": null,
            "cidr_routing_policy": [],
            "failover_routing_policy": [
              {
                "type": "SECONDARY"
              }
            ],
            "fqdn": "failover.tribeoffive.info",
            "geolocation_routing_policy": [],
            "health_check_id": "606634a3-6a17-414b-b984-05046cde75f7",
            "id": "Z01822048PJ6BLFJTP2Y_failover_A_uswest2",
            "latency_routing_policy": [],
            "multivalue_answer_routing_policy": false,
            "name": "failover",
            "records": [
              "54.68.60.156"
            ],
            "set_identifier": "uswest2",
            "ttl": 60,
            "type": "A",
            "weighted_routing_policy": [],
            "zone_id": "Z01822048PJ6BLFJTP2Y"
          },
          "sensitive_attributes": [],
          "private": "eyJzY2hlbWFfdmVyc2lvbiI6IjIifQ==",
          "dependencies": [
            "aws_route53_health_check.us_west_2",
            "data.aws_route53_zone.selected",
            "module.ec2_us_west_2.aws_eip.websrv_eip"
          ]
        }
      ]
    },
    {
      "mode": "managed",
      "type": "local_file",
      "name": "output_variables",
      "provider": "provider[\"registry.terraform.io/hashicorp/local\"]",
      "instances": [
        {
          "schema_version": 0,
          "attributes": {
            "content": "#!/bin/zsh\n##\n## variables for the ZSH shell scripts\n##\n    \nINSTANCE_ID=i-0f8a699a4cc36aac8\n    \nREGION=us-east-2\n\n",
            "content_base64": null,
            "content_base64sha256": "RreOokc85C04LIJFX9s+hHG2rLEYCoXv1/LQSPm5urw=",
            "content_base64sha512": "M/9QkQP0DpRq8DpIlPb7fzngVT0aRLIILn72wXiPpLEsLjmHDZF5Ilxwo7mBnG3bshLJ0CMuj6LaKIpqvN8ang==",
            "content_md5": "ac1eeee7dd1d7a189b989fe56c25a9be",
            "content_sha1": "0d1caf73be384ccccc5decdae9d5a80c261fe830",
            "content_sha256": "46b78ea2473ce42d382c82455fdb3e8471b6acb1180a85efd7f2d048f9b9babc",
            "content_sha512": "33ff509103f40e946af03a4894f6fb7f39e0553d1a44b2082e7ef6c1788fa4b12c2e39870d9179225c70a3b9819c6ddbb212c9d0232e8fa2da288a6abcdf1a9e",
            "directory_permission": "0777",
            "file_permission": "0777",
            "filename": "./scripts/variables.zsh",
            "id": "0d1caf73be384ccccc5decdae9d5a80c261fe830",
            "sensitive_content": null,
            "source": null
          },
          "sensitive_attributes": [],
          "dependencies": [
            "module.ec2_us_east_2.aws_instance.websrv_one",
            "module.ec2_us_east_2.aws_security_group.web_srv_sg",
            "module.ec2_us_east_2.data.aws_ami.latest_amzn2_ami",
            "module.ec2_us_east_2.data.aws_region.current",
            "module.ec2_us_east_2.data.aws_subnets.subnets",
            "module.ec2_us_east_2.data.aws_vpc.default"
          ]
        }
      ]
    },
    {
      "module": "module.ec2_us_east_2",
      "mode": "data",
      "type": "aws_ami",
      "name": "latest_amzn2_ami",
      "provider": "provider[\"registry.terraform.io/hashicorp/aws\"].us_east_2",
      "instances": [
        {
          "schema_version": 0,
          "attributes": {
            "architecture": "x86_64",
            "arn": "arn:aws:ec2:us-east-2::image/ami-09f85f3aaae282910",
            "block_device_mappings": [
              {
                "device_name": "/dev/xvda",
                "ebs": {
                  "delete_on_termination": "true",
                  "encrypted": "false",
                  "iops": "0",
                  "snapshot_id": "snap-0365a843c38d9a054",
                  "throughput": "0",
                  "volume_size": "8",
                  "volume_type": "gp2"
                },
                "no_device": "",
                "virtual_name": ""
              }
            ],
            "boot_mode": "",
            "creation_date": "2023-11-17T01:08:17.000Z",
            "deprecation_time": "2025-07-01T00:00:00.000Z",
            "description": "Amazon Linux 2 Kernel 5.10 AMI 2.0.20231116.0 x86_64 HVM gp2",
            "ena_support": true,
            "executable_users": null,
            "filter": [
              {
                "name": "architecture",
                "values": [
                  "x86_64"
                ]
              },
              {
                "name": "name",
                "values": [
                  "amzn2-ami-kernel-5.10-hvm-*-gp2"
                ]
              },
              {
                "name": "virtualization-type",
                "values": [
                  "hvm"
                ]
              }
            ],
            "hypervisor": "xen",
            "id": "ami-09f85f3aaae282910",
            "image_id": "ami-09f85f3aaae282910",
            "image_location": "amazon/amzn2-ami-kernel-5.10-hvm-2.0.20231116.0-x86_64-gp2",
            "image_owner_alias": "amazon",
            "image_type": "machine",
            "imds_support": "",
            "include_deprecated": false,
            "kernel_id": "",
            "most_recent": true,
            "name": "amzn2-ami-kernel-5.10-hvm-2.0.20231116.0-x86_64-gp2",
            "name_regex": null,
            "owner_id": "137112412989",
            "owners": [
              "amazon"
            ],
            "platform": "",
            "platform_details": "Linux/UNIX",
            "product_codes": [],
            "public": true,
            "ramdisk_id": "",
            "root_device_name": "/dev/xvda",
            "root_device_type": "ebs",
            "root_snapshot_id": "snap-0365a843c38d9a054",
            "sriov_net_support": "simple",
            "state": "available",
            "state_reason": {
              "code": "UNSET",
              "message": "UNSET"
            },
            "tags": {},
            "timeouts": null,
            "tpm_support": "",
            "usage_operation": "RunInstances",
            "virtualization_type": "hvm"
          },
          "sensitive_attributes": []
        }
      ]
    },
    {
      "module": "module.ec2_us_east_2",
      "mode": "data",
      "type": "aws_region",
      "name": "current",
      "provider": "provider[\"registry.terraform.io/hashicorp/aws\"].us_east_2",
      "instances": [
        {
          "schema_version": 0,
          "attributes": {
            "description": "US East (Ohio)",
            "endpoint": "ec2.us-east-2.amazonaws.com",
            "id": "us-east-2",
            "name": "us-east-2"
          },
          "sensitive_attributes": []
        }
      ]
    },
    {
      "module": "module.ec2_us_east_2",
      "mode": "data",
      "type": "aws_subnets",
      "name": "subnets",
      "provider": "provider[\"registry.terraform.io/hashicorp/aws\"].us_east_2",
      "instances": [
        {
          "schema_version": 0,
          "attributes": {
            "filter": [
              {
                "name": "vpc-id",
                "values": [
                  "vpc-03690dda91a6dba5f"
                ]
              }
            ],
            "id": "us-east-2",
            "ids": [
              "subnet-010c04e1b994c1bc3",
              "subnet-004f11b3ca3a5e2e6",
              "subnet-069279b0577883b32"
            ],
            "tags": null,
            "timeouts": null
          },
          "sensitive_attributes": []
        }
      ]
    },
    {
      "module": "module.ec2_us_east_2",
      "mode": "data",
      "type": "aws_vpc",
      "name": "default",
      "provider": "provider[\"registry.terraform.io/hashicorp/aws\"].us_east_2",
      "instances": [
        {
          "schema_version": 0,
          "attributes": {
            "arn": "arn:aws:ec2:us-east-2:588459062833:vpc/vpc-03690dda91a6dba5f",
            "cidr_block": "172.31.0.0/16",
            "cidr_block_associations": [
              {
                "association_id": "vpc-cidr-assoc-061664d23a64512dc",
                "cidr_block": "172.31.0.0/16",
                "state": "associated"
              }
            ],
            "default": true,
            "dhcp_options_id": "dopt-04523dbfd9cde0a80",
            "enable_dns_hostnames": true,
            "enable_dns_support": true,
            "enable_network_address_usage_metrics": false,
            "filter": null,
            "id": "vpc-03690dda91a6dba5f",
            "instance_tenancy": "default",
            "ipv6_association_id": "",
            "ipv6_cidr_block": "",
            "main_route_table_id": "rtb-0d30155f1efb9fa95",
            "owner_id": "588459062833",
            "state": null,
            "tags": {},
            "timeouts": null
          },
          "sensitive_attributes": []
        }
      ]
    },
    {
      "module": "module.ec2_us_east_2",
      "mode": "managed",
      "type": "aws_eip",
      "name": "websrv_eip",
      "provider": "provider[\"registry.terraform.io/hashicorp/aws\"].us_east_2",
      "instances": [
        {
          "schema_version": 0,
          "attributes": {
            "address": null,
            "allocation_id": "eipalloc-0ec4a4f48963e367b",
            "associate_with_private_ip": null,
            "association_id": "",
            "carrier_ip": "",
            "customer_owned_ip": "",
            "customer_owned_ipv4_pool": "",
            "domain": "vpc",
            "id": "eipalloc-0ec4a4f48963e367b",
            "instance": "",
            "network_border_group": "us-east-2",
            "network_interface": "",
            "private_dns": null,
            "private_ip": "",
            "public_dns": "ec2-3-130-141-114.us-east-2.compute.amazonaws.com",
            "public_ip": "3.130.141.114",
            "public_ipv4_pool": "amazon",
            "tags": null,
            "tags_all": {},
            "timeouts": null,
            "vpc": true
          },
          "sensitive_attributes": [],
          "private": "eyJlMmJmYjczMC1lY2FhLTExZTYtOGY4OC0zNDM2M2JjN2M0YzAiOnsiZGVsZXRlIjoxODAwMDAwMDAwMDAsInJlYWQiOjkwMDAwMDAwMDAwMCwidXBkYXRlIjozMDAwMDAwMDAwMDB9fQ=="
        }
      ]
    },
    {
      "module": "module.ec2_us_east_2",
      "mode": "managed",
      "type": "aws_eip_association",
      "name": "websrv_eip_assoc",
      "provider": "provider[\"registry.terraform.io/hashicorp/aws\"].us_east_2",
      "instances": [
        {
          "schema_version": 0,
          "attributes": {
            "allocation_id": "eipalloc-0ec4a4f48963e367b",
            "allow_reassociation": null,
            "id": "eipassoc-0afa7051495d4854d",
            "instance_id": "i-0f8a699a4cc36aac8",
            "network_interface_id": "eni-0281acd53e812b82d",
            "private_ip_address": "172.31.30.77",
            "public_ip": "3.130.141.114"
          },
          "sensitive_attributes": [],
          "private": "bnVsbA==",
          "dependencies": [
            "module.ec2_us_east_2.aws_eip.websrv_eip",
            "module.ec2_us_east_2.aws_instance.websrv_one",
            "module.ec2_us_east_2.aws_security_group.web_srv_sg",
            "module.ec2_us_east_2.data.aws_ami.latest_amzn2_ami",
            "module.ec2_us_east_2.data.aws_subnets.subnets",
            "module.ec2_us_east_2.data.aws_vpc.default"
          ]
        }
      ]
    },
    {
      "module": "module.ec2_us_east_2",
      "mode": "managed",
      "type": "aws_instance",
      "name": "websrv_one",
      "provider": "provider[\"registry.terraform.io/hashicorp/aws\"].us_east_2",
      "instances": [
        {
          "schema_version": 1,
          "attributes": {
            "ami": "ami-09f85f3aaae282910",
            "arn": "arn:aws:ec2:us-east-2:588459062833:instance/i-0f8a699a4cc36aac8",
            "associate_public_ip_address": true,
            "availability_zone": "us-east-2b",
            "capacity_reservation_specification": [
              {
                "capacity_reservation_preference": "open",
                "capacity_reservation_target": []
              }
            ],
            "cpu_core_count": 1,
            "cpu_options": [
              {
                "amd_sev_snp": "",
                "core_count": 1,
                "threads_per_core": 1
              }
            ],
            "cpu_threads_per_core": 1,
            "credit_specification": [
              {
                "cpu_credits": "standard"
              }
            ],
            "disable_api_stop": false,
            "disable_api_termination": false,
            "ebs_block_device": [],
            "ebs_optimized": false,
            "enclave_options": [
              {
                "enabled": false
              }
            ],
            "ephemeral_block_device": [],
            "get_password_data": false,
            "hibernation": false,
            "host_id": "",
            "host_resource_group_arn": null,
            "iam_instance_profile": "",
            "id": "i-0f8a699a4cc36aac8",
            "instance_initiated_shutdown_behavior": "stop",
            "instance_lifecycle": "",
            "instance_market_options": [],
            "instance_state": "running",
            "instance_type": "t2.micro",
            "ipv6_address_count": 0,
            "ipv6_addresses": [],
            "key_name": "",
            "launch_template": [],
            "maintenance_options": [
              {
                "auto_recovery": "default"
              }
            ],
            "metadata_options": [
              {
                "http_endpoint": "enabled",
                "http_protocol_ipv6": "disabled",
                "http_put_response_hop_limit": 1,
                "http_tokens": "optional",
                "instance_metadata_tags": "disabled"
              }
            ],
            "monitoring": false,
            "network_interface": [],
            "outpost_arn": "",
            "password_data": "",
            "placement_group": "",
            "placement_partition_number": 0,
            "primary_network_interface_id": "eni-0281acd53e812b82d",
            "private_dns": "ip-172-31-30-77.us-east-2.compute.internal",
            "private_dns_name_options": [
              {
                "enable_resource_name_dns_a_record": false,
                "enable_resource_name_dns_aaaa_record": false,
                "hostname_type": "ip-name"
              }
            ],
            "private_ip": "172.31.30.77",
            "public_dns": "ec2-18-117-135-84.us-east-2.compute.amazonaws.com",
            "public_ip": "18.117.135.84",
            "root_block_device": [
              {
                "delete_on_termination": true,
                "device_name": "/dev/xvda",
                "encrypted": false,
                "iops": 100,
                "kms_key_id": "",
                "tags": {},
                "throughput": 0,
                "volume_id": "vol-0dd4f05ad3499e6de",
                "volume_size": 8,
                "volume_type": "gp2"
              }
            ],
            "secondary_private_ips": [],
            "security_groups": [
              "websrvsg"
            ],
            "source_dest_check": true,
            "spot_instance_request_id": "",
            "subnet_id": "subnet-010c04e1b994c1bc3",
            "tags": null,
            "tags_all": {},
            "tenancy": "default",
            "timeouts": null,
            "user_data": "c95e033dfce27231f526efea660351ae81f2e620",
            "user_data_base64": null,
            "user_data_replace_on_change": false,
            "volume_tags": null,
            "vpc_security_group_ids": [
              "sg-049ca20246c1e7dd0"
            ]
          },
          "sensitive_attributes": [],
          "private": "eyJlMmJmYjczMC1lY2FhLTExZTYtOGY4OC0zNDM2M2JjN2M0YzAiOnsiY3JlYXRlIjo2MDAwMDAwMDAwMDAsImRlbGV0ZSI6MTIwMDAwMDAwMDAwMCwidXBkYXRlIjo2MDAwMDAwMDAwMDB9LCJzY2hlbWFfdmVyc2lvbiI6IjEifQ==",
          "dependencies": [
            "module.ec2_us_east_2.aws_security_group.web_srv_sg",
            "module.ec2_us_east_2.data.aws_ami.latest_amzn2_ami",
            "module.ec2_us_east_2.data.aws_subnets.subnets",
            "module.ec2_us_east_2.data.aws_vpc.default"
          ]
        }
      ]
    },
    {
      "module": "module.ec2_us_east_2",
      "mode": "managed",
      "type": "aws_security_group",
      "name": "web_srv_sg",
      "provider": "provider[\"registry.terraform.io/hashicorp/aws\"].us_east_2",
      "instances": [
        {
          "schema_version": 1,
          "attributes": {
            "arn": "arn:aws:ec2:us-east-2:588459062833:security-group/sg-049ca20246c1e7dd0",
            "description": "Managed by Terraform",
            "egress": [
              {
                "cidr_blocks": [
                  "0.0.0.0/0"
                ],
                "description": "",
                "from_port": 0,
                "ipv6_cidr_blocks": [],
                "prefix_list_ids": [],
                "protocol": "-1",
                "security_groups": [],
                "self": false,
                "to_port": 0
              }
            ],
            "id": "sg-049ca20246c1e7dd0",
            "ingress": [
              {
                "cidr_blocks": [
                  "0.0.0.0/0"
                ],
                "description": "",
                "from_port": 22,
                "ipv6_cidr_blocks": [],
                "prefix_list_ids": [],
                "protocol": "tcp",
                "security_groups": [],
                "self": false,
                "to_port": 22
              },
              {
                "cidr_blocks": [
                  "0.0.0.0/0"
                ],
                "description": "",
                "from_port": 80,
                "ipv6_cidr_blocks": [],
                "prefix_list_ids": [],
                "protocol": "tcp",
                "security_groups": [],
                "self": false,
                "to_port": 80
              }
            ],
            "name": "websrvsg",
            "name_prefix": "",
            "owner_id": "588459062833",
            "revoke_rules_on_delete": false,
            "tags": null,
            "tags_all": {},
            "timeouts": null,
            "vpc_id": "vpc-03690dda91a6dba5f"
          },
          "sensitive_attributes": [],
          "private": "eyJlMmJmYjczMC1lY2FhLTExZTYtOGY4OC0zNDM2M2JjN2M0YzAiOnsiY3JlYXRlIjo2MDAwMDAwMDAwMDAsImRlbGV0ZSI6OTAwMDAwMDAwMDAwfSwic2NoZW1hX3ZlcnNpb24iOiIxIn0=",
          "dependencies": [
            "module.ec2_us_east_2.data.aws_vpc.default"
          ]
        }
      ]
    },
    {
      "module": "module.ec2_us_west_2",
      "mode": "data",
      "type": "aws_ami",
      "name": "latest_amzn2_ami",
      "provider": "provider[\"registry.terraform.io/hashicorp/aws\"].us_west_2",
      "instances": [
        {
          "schema_version": 0,
          "attributes": {
            "architecture": "x86_64",
            "arn": "arn:aws:ec2:us-west-2::image/ami-0c0d141edc4f470cc",
            "block_device_mappings": [
              {
                "device_name": "/dev/xvda",
                "ebs": {
                  "delete_on_termination": "true",
                  "encrypted": "false",
                  "iops": "0",
                  "snapshot_id": "snap-055c9f9222e66d5a4",
                  "throughput": "0",
                  "volume_size": "8",
                  "volume_type": "gp2"
                },
                "no_device": "",
                "virtual_name": ""
              }
            ],
            "boot_mode": "",
            "creation_date": "2023-11-17T01:08:17.000Z",
            "deprecation_time": "2025-07-01T00:00:00.000Z",
            "description": "Amazon Linux 2 Kernel 5.10 AMI 2.0.20231116.0 x86_64 HVM gp2",
            "ena_support": true,
            "executable_users": null,
            "filter": [
              {
                "name": "architecture",
                "values": [
                  "x86_64"
                ]
              },
              {
                "name": "name",
                "values": [
                  "amzn2-ami-kernel-5.10-hvm-*-gp2"
                ]
              },
              {
                "name": "virtualization-type",
                "values": [
                  "hvm"
                ]
              }
            ],
            "hypervisor": "xen",
            "id": "ami-0c0d141edc4f470cc",
            "image_id": "ami-0c0d141edc4f470cc",
            "image_location": "amazon/amzn2-ami-kernel-5.10-hvm-2.0.20231116.0-x86_64-gp2",
            "image_owner_alias": "amazon",
            "image_type": "machine",
            "imds_support": "",
            "include_deprecated": false,
            "kernel_id": "",
            "most_recent": true,
            "name": "amzn2-ami-kernel-5.10-hvm-2.0.20231116.0-x86_64-gp2",
            "name_regex": null,
            "owner_id": "137112412989",
            "owners": [
              "amazon"
            ],
            "platform": "",
            "platform_details": "Linux/UNIX",
            "product_codes": [],
            "public": true,
            "ramdisk_id": "",
            "root_device_name": "/dev/xvda",
            "root_device_type": "ebs",
            "root_snapshot_id": "snap-055c9f9222e66d5a4",
            "sriov_net_support": "simple",
            "state": "available",
            "state_reason": {
              "code": "UNSET",
              "message": "UNSET"
            },
            "tags": {},
            "timeouts": null,
            "tpm_support": "",
            "usage_operation": "RunInstances",
            "virtualization_type": "hvm"
          },
          "sensitive_attributes": []
        }
      ]
    },
    {
      "module": "module.ec2_us_west_2",
      "mode": "data",
      "type": "aws_region",
      "name": "current",
      "provider": "provider[\"registry.terraform.io/hashicorp/aws\"].us_west_2",
      "instances": [
        {
          "schema_version": 0,
          "attributes": {
            "description": "US West (Oregon)",
            "endpoint": "ec2.us-west-2.amazonaws.com",
            "id": "us-west-2",
            "name": "us-west-2"
          },
          "sensitive_attributes": []
        }
      ]
    },
    {
      "module": "module.ec2_us_west_2",
      "mode": "data",
      "type": "aws_subnets",
      "name": "subnets",
      "provider": "provider[\"registry.terraform.io/hashicorp/aws\"].us_west_2",
      "instances": [
        {
          "schema_version": 0,
          "attributes": {
            "filter": [
              {
                "name": "vpc-id",
                "values": [
                  "vpc-0cb2111f1f25fcaf6"
                ]
              }
            ],
            "id": "us-west-2",
            "ids": [
              "subnet-0745a0ba2ed468356",
              "subnet-03b101f5b7582ea8d",
              "subnet-077de76a98d176eda",
              "subnet-0b8430864bb889d17"
            ],
            "tags": null,
            "timeouts": null
          },
          "sensitive_attributes": []
        }
      ]
    },
    {
      "module": "module.ec2_us_west_2",
      "mode": "data",
      "type": "aws_vpc",
      "name": "default",
      "provider": "provider[\"registry.terraform.io/hashicorp/aws\"].us_west_2",
      "instances": [
        {
          "schema_version": 0,
          "attributes": {
            "arn": "arn:aws:ec2:us-west-2:588459062833:vpc/vpc-0cb2111f1f25fcaf6",
            "cidr_block": "172.31.0.0/16",
            "cidr_block_associations": [
              {
                "association_id": "vpc-cidr-assoc-00115a7b18412ea76",
                "cidr_block": "172.31.0.0/16",
                "state": "associated"
              }
            ],
            "default": true,
            "dhcp_options_id": "dopt-0c0e025f84a6abd56",
            "enable_dns_hostnames": true,
            "enable_dns_support": true,
            "enable_network_address_usage_metrics": false,
            "filter": null,
            "id": "vpc-0cb2111f1f25fcaf6",
            "instance_tenancy": "default",
            "ipv6_association_id": "",
            "ipv6_cidr_block": "",
            "main_route_table_id": "rtb-069717ae46ac6c159",
            "owner_id": "588459062833",
            "state": null,
            "tags": {},
            "timeouts": null
          },
          "sensitive_attributes": []
        }
      ]
    },
    {
      "module": "module.ec2_us_west_2",
      "mode": "managed",
      "type": "aws_eip",
      "name": "websrv_eip",
      "provider": "provider[\"registry.terraform.io/hashicorp/aws\"].us_west_2",
      "instances": [
        {
          "schema_version": 0,
          "attributes": {
            "address": null,
            "allocation_id": "eipalloc-024e33fc023c71b76",
            "associate_with_private_ip": null,
            "association_id": "",
            "carrier_ip": "",
            "customer_owned_ip": "",
            "customer_owned_ipv4_pool": "",
            "domain": "vpc",
            "id": "eipalloc-024e33fc023c71b76",
            "instance": "",
            "network_border_group": "us-west-2",
            "network_interface": "",
            "private_dns": null,
            "private_ip": "",
            "public_dns": "ec2-54-68-60-156.us-west-2.compute.amazonaws.com",
            "public_ip": "54.68.60.156",
            "public_ipv4_pool": "amazon",
            "tags": null,
            "tags_all": {},
            "timeouts": null,
            "vpc": true
          },
          "sensitive_attributes": [],
          "private": "eyJlMmJmYjczMC1lY2FhLTExZTYtOGY4OC0zNDM2M2JjN2M0YzAiOnsiZGVsZXRlIjoxODAwMDAwMDAwMDAsInJlYWQiOjkwMDAwMDAwMDAwMCwidXBkYXRlIjozMDAwMDAwMDAwMDB9fQ=="
        }
      ]
    },
    {
      "module": "module.ec2_us_west_2",
      "mode": "managed",
      "type": "aws_eip_association",
      "name": "websrv_eip_assoc",
      "provider": "provider[\"registry.terraform.io/hashicorp/aws\"].us_west_2",
      "instances": [
        {
          "schema_version": 0,
          "attributes": {
            "allocation_id": "eipalloc-024e33fc023c71b76",
            "allow_reassociation": null,
            "id": "eipassoc-0e2e1ebe889b0bf82",
            "instance_id": "i-08ee0a43737eb0472",
            "network_interface_id": "eni-0d60f3dfc7c0b09f9",
            "private_ip_address": "172.31.44.169",
            "public_ip": "54.68.60.156"
          },
          "sensitive_attributes": [],
          "private": "bnVsbA==",
          "dependencies": [
            "module.ec2_us_west_2.aws_eip.websrv_eip",
            "module.ec2_us_west_2.aws_instance.websrv_one",
            "module.ec2_us_west_2.aws_security_group.web_srv_sg",
            "module.ec2_us_west_2.data.aws_ami.latest_amzn2_ami",
            "module.ec2_us_west_2.data.aws_subnets.subnets",
            "module.ec2_us_west_2.data.aws_vpc.default"
          ]
        }
      ]
    },
    {
      "module": "module.ec2_us_west_2",
      "mode": "managed",
      "type": "aws_instance",
      "name": "websrv_one",
      "provider": "provider[\"registry.terraform.io/hashicorp/aws\"].us_west_2",
      "instances": [
        {
          "schema_version": 1,
          "attributes": {
            "ami": "ami-0c0d141edc4f470cc",
            "arn": "arn:aws:ec2:us-west-2:588459062833:instance/i-08ee0a43737eb0472",
            "associate_public_ip_address": true,
            "availability_zone": "us-west-2a",
            "capacity_reservation_specification": [
              {
                "capacity_reservation_preference": "open",
                "capacity_reservation_target": []
              }
            ],
            "cpu_core_count": 1,
            "cpu_options": [
              {
                "amd_sev_snp": "",
                "core_count": 1,
                "threads_per_core": 1
              }
            ],
            "cpu_threads_per_core": 1,
            "credit_specification": [
              {
                "cpu_credits": "standard"
              }
            ],
            "disable_api_stop": false,
            "disable_api_termination": false,
            "ebs_block_device": [],
            "ebs_optimized": false,
            "enclave_options": [
              {
                "enabled": false
              }
            ],
            "ephemeral_block_device": [],
            "get_password_data": false,
            "hibernation": false,
            "host_id": "",
            "host_resource_group_arn": null,
            "iam_instance_profile": "",
            "id": "i-08ee0a43737eb0472",
            "instance_initiated_shutdown_behavior": "stop",
            "instance_lifecycle": "",
            "instance_market_options": [],
            "instance_state": "running",
            "instance_type": "t2.micro",
            "ipv6_address_count": 0,
            "ipv6_addresses": [],
            "key_name": "",
            "launch_template": [],
            "maintenance_options": [
              {
                "auto_recovery": "default"
              }
            ],
            "metadata_options": [
              {
                "http_endpoint": "enabled",
                "http_protocol_ipv6": "disabled",
                "http_put_response_hop_limit": 1,
                "http_tokens": "optional",
                "instance_metadata_tags": "disabled"
              }
            ],
            "monitoring": false,
            "network_interface": [],
            "outpost_arn": "",
            "password_data": "",
            "placement_group": "",
            "placement_partition_number": 0,
            "primary_network_interface_id": "eni-0d60f3dfc7c0b09f9",
            "private_dns": "ip-172-31-44-169.us-west-2.compute.internal",
            "private_dns_name_options": [
              {
                "enable_resource_name_dns_a_record": false,
                "enable_resource_name_dns_aaaa_record": false,
                "hostname_type": "ip-name"
              }
            ],
            "private_ip": "172.31.44.169",
            "public_dns": "ec2-35-93-73-161.us-west-2.compute.amazonaws.com",
            "public_ip": "35.93.73.161",
            "root_block_device": [
              {
                "delete_on_termination": true,
                "device_name": "/dev/xvda",
                "encrypted": false,
                "iops": 100,
                "kms_key_id": "",
                "tags": {},
                "throughput": 0,
                "volume_id": "vol-0646a6553838d1137",
                "volume_size": 8,
                "volume_type": "gp2"
              }
            ],
            "secondary_private_ips": [],
            "security_groups": [
              "websrvsg"
            ],
            "source_dest_check": true,
            "spot_instance_request_id": "",
            "subnet_id": "subnet-0745a0ba2ed468356",
            "tags": null,
            "tags_all": {},
            "tenancy": "default",
            "timeouts": null,
            "user_data": "c95e033dfce27231f526efea660351ae81f2e620",
            "user_data_base64": null,
            "user_data_replace_on_change": false,
            "volume_tags": null,
            "vpc_security_group_ids": [
              "sg-064eb0e75e6312f42"
            ]
          },
          "sensitive_attributes": [],
          "private": "eyJlMmJmYjczMC1lY2FhLTExZTYtOGY4OC0zNDM2M2JjN2M0YzAiOnsiY3JlYXRlIjo2MDAwMDAwMDAwMDAsImRlbGV0ZSI6MTIwMDAwMDAwMDAwMCwidXBkYXRlIjo2MDAwMDAwMDAwMDB9LCJzY2hlbWFfdmVyc2lvbiI6IjEifQ==",
          "dependencies": [
            "module.ec2_us_west_2.aws_security_group.web_srv_sg",
            "module.ec2_us_west_2.data.aws_ami.latest_amzn2_ami",
            "module.ec2_us_west_2.data.aws_subnets.subnets",
            "module.ec2_us_west_2.data.aws_vpc.default"
          ]
        }
      ]
    },
    {
      "module": "module.ec2_us_west_2",
      "mode": "managed",
      "type": "aws_security_group",
      "name": "web_srv_sg",
      "provider": "provider[\"registry.terraform.io/hashicorp/aws\"].us_west_2",
      "instances": [
        {
          "schema_version": 1,
          "attributes": {
            "arn": "arn:aws:ec2:us-west-2:588459062833:security-group/sg-064eb0e75e6312f42",
            "description": "Managed by Terraform",
            "egress": [
              {
                "cidr_blocks": [
                  "0.0.0.0/0"
                ],
                "description": "",
                "from_port": 0,
                "ipv6_cidr_blocks": [],
                "prefix_list_ids": [],
                "protocol": "-1",
                "security_groups": [],
                "self": false,
                "to_port": 0
              }
            ],
            "id": "sg-064eb0e75e6312f42",
            "ingress": [
              {
                "cidr_blocks": [
                  "0.0.0.0/0"
                ],
                "description": "",
                "from_port": 22,
                "ipv6_cidr_blocks": [],
                "prefix_list_ids": [],
                "protocol": "tcp",
                "security_groups": [],
                "self": false,
                "to_port": 22
              },
              {
                "cidr_blocks": [
                  "0.0.0.0/0"
                ],
                "description": "",
                "from_port": 80,
                "ipv6_cidr_blocks": [],
                "prefix_list_ids": [],
                "protocol": "tcp",
                "security_groups": [],
                "self": false,
                "to_port": 80
              }
            ],
            "name": "websrvsg",
            "name_prefix": "",
            "owner_id": "588459062833",
            "revoke_rules_on_delete": false,
            "tags": null,
            "tags_all": {},
            "timeouts": null,
            "vpc_id": "vpc-0cb2111f1f25fcaf6"
          },
          "sensitive_attributes": [],
          "private": "eyJlMmJmYjczMC1lY2FhLTExZTYtOGY4OC0zNDM2M2JjN2M0YzAiOnsiY3JlYXRlIjo2MDAwMDAwMDAwMDAsImRlbGV0ZSI6OTAwMDAwMDAwMDAwfSwic2NoZW1hX3ZlcnNpb24iOiIxIn0=",
          "dependencies": [
            "module.ec2_us_west_2.data.aws_vpc.default"
          ]
        }
      ]
    }
  ],
  "check_results": null
}
